{
	"name": "spectra-data-ranges",
	"version": "1.0.2",
	"lockfileVersion": 1,
	"requires": true,
	"dependencies": {
		"lodash.round": {
			"version": "4.0.4",
			"resolved": "https://registry.npmjs.org/lodash.round/-/lodash.round-4.0.4.tgz",
			"integrity": "sha1-EBtrpcbOzJmPKrvoC2Apr/0l0mI="
		},
		"ml-stat": {
			"version": "1.3.3",
			"resolved": "https://registry.npmjs.org/ml-stat/-/ml-stat-1.3.3.tgz",
			"integrity": "sha1-ilSTsPZzgvv3BcJg4HBDZlWn3Po="
		}
	}
}
