{
	"name": "spectra-data-ranges",
	"version": "1.1.5",
	"lockfileVersion": 1,
	"requires": true,
	"dependencies": {
		"binary-search": {
			"version": "1.3.5",
			"resolved": "https://registry.npmjs.org/binary-search/-/binary-search-1.3.5.tgz",
			"integrity": "sha512-RHFP0AdU6KAB0CCZsRMU2CJTk2EpL8GLURT+4gilpjr1f/7M91FgUMnXuQLmf3OKLet34gjuNFwO7e4agdX5pw==",
			"dev": true
		},
		"brukerconverter": {
			"version": "1.0.1",
			"resolved": "https://registry.npmjs.org/brukerconverter/-/brukerconverter-1.0.1.tgz",
			"integrity": "sha1-wEtKis4t1PmdzBikIUXOGS+VBY8=",
			"dev": true,
			"requires": {
				"iobuffer": "^2.0.0",
				"jcampconverter": "^2.3.0",
				"jszip": "^2.5.0"
			}
		},
		"extend": {
			"version": "3.0.2",
			"resolved": "https://registry.npmjs.org/extend/-/extend-3.0.2.tgz",
			"integrity": "sha512-fjquC59cD7CyW6urNXK0FBufkZcoiGG80wTuPujX590cB5Ttln20E2UB4S/WARVqhXffZl2LNgS+gQdPIIim/g==",
			"dev": true
		},
		"heap": {
			"version": "0.2.6",
			"resolved": "https://registry.npmjs.org/heap/-/heap-0.2.6.tgz",
			"integrity": "sha1-CH4fELBGky/IWU3Z5tN4r8nR5aw=",
			"dev": true
		},
		"iobuffer": {
			"version": "2.1.0",
			"resolved": "https://registry.npmjs.org/iobuffer/-/iobuffer-2.1.0.tgz",
			"integrity": "sha1-B0iC0kAgqF22pQQqBBjvm2suYWo=",
			"dev": true
		},
		"is-any-array": {
			"version": "0.0.3",
			"resolved": "https://registry.npmjs.org/is-any-array/-/is-any-array-0.0.3.tgz",
			"integrity": "sha512-Lr5SRykZv6uuYMZURz7+YpigT1ziTBHOTgFJ1zK7gL+9Wbet5Ha1ws6S84Jo/lH4zep02b95sk6o4+MTk97mPQ==",
			"dev": true
		},
		"jcampconverter": {
			"version": "2.11.0",
			"resolved": "https://registry.npmjs.org/jcampconverter/-/jcampconverter-2.11.0.tgz",
			"integrity": "sha512-PRaaSJQwKvM+fuxNmI5zHICQetLMRiGqmEySZVdPFdr5KAknPhTGiEtW02uQqK1Su9FfIeGaim4eojxRPiPH8g==",
			"dev": true
		},
		"jszip": {
			"version": "2.6.1",
			"resolved": "https://registry.npmjs.org/jszip/-/jszip-2.6.1.tgz",
			"integrity": "sha1-uI86ey5noqBIFSmCx6N1bZxIKPA=",
			"dev": true,
			"requires": {
				"pako": "~1.0.2"
			}
		},
		"lodash.round": {
			"version": "4.0.4",
			"resolved": "https://registry.npmjs.org/lodash.round/-/lodash.round-4.0.4.tgz",
			"integrity": "sha1-EBtrpcbOzJmPKrvoC2Apr/0l0mI="
		},
		"median-quickselect": {
			"version": "1.0.1",
			"resolved": "https://registry.npmjs.org/median-quickselect/-/median-quickselect-1.0.1.tgz",
			"integrity": "sha1-3jQIA1pbLwQ4o5uZiT+vPn1hd/g=",
			"dev": true
		},
		"ml-array-max": {
			"version": "1.1.1",
			"resolved": "https://registry.npmjs.org/ml-array-max/-/ml-array-max-1.1.1.tgz",
			"integrity": "sha512-lEtVH02mkRESnwCq6y0w8rrnRltwlEmYKRuYNZGSmpiqL+TcHc1Z/kn73Ga9L3iFtyYOtmdLGug0ufGy0xbfmw==",
			"dev": true,
			"requires": {
				"is-any-array": "^0.0.3"
			}
		},
		"ml-array-median": {
			"version": "1.1.1",
			"resolved": "https://registry.npmjs.org/ml-array-median/-/ml-array-median-1.1.1.tgz",
			"integrity": "sha512-a9u56ER3iG38kZhDg1qgX9WXBJF4vS74nwdQ5puKPnqFW4cRG/4spPE+N3gHMDnvLu34iX3thDuQYH9Sf+Afww==",
			"dev": true,
			"requires": {
				"is-any-array": "^0.0.3",
				"median-quickselect": "^1.0.1"
			}
		},
		"ml-array-min": {
			"version": "1.1.1",
			"resolved": "https://registry.npmjs.org/ml-array-min/-/ml-array-min-1.1.1.tgz",
			"integrity": "sha512-xwUm80ktZLoKMK5j0yilCM8/X07KaW/yvnBiqxPxLRkzIEqK2NA2lHw5uvDpfEYYBUzZbMIG/jHDum+YrjKvPg==",
			"dev": true,
			"requires": {
				"is-any-array": "^0.0.3"
			}
		},
		"ml-array-rescale": {
			"version": "1.2.1",
			"resolved": "https://registry.npmjs.org/ml-array-rescale/-/ml-array-rescale-1.2.1.tgz",
			"integrity": "sha512-C9YliVwYknxBNFXXbCFwCDUZScZkgL82CEL4GdpdhWAvUTZIRn7opAOOj4ZnZZXjIrUFCV+YB99DKM1frd9eOQ==",
			"dev": true,
			"requires": {
				"is-any-array": "^0.0.3",
				"ml-array-max": "^1.1.1",
				"ml-array-min": "^1.1.1"
			}
		},
		"ml-array-utils": {
			"version": "0.4.0",
			"resolved": "https://registry.npmjs.org/ml-array-utils/-/ml-array-utils-0.4.0.tgz",
			"integrity": "sha512-2OobMfnkfUNhDIqoIZ1QQA9a25aDijGqgu2jSrtsPR9/FAFSn2+lMni5514ru5rUFAGQGJSrEIPDAwVbPjWIjw==",
			"dev": true,
			"requires": {
				"ml-stat": "^1.0.1"
			}
		},
		"ml-curve-fitting": {
			"version": "0.0.7",
			"resolved": "https://registry.npmjs.org/ml-curve-fitting/-/ml-curve-fitting-0.0.7.tgz",
			"integrity": "sha1-FyKwP4wUwD9RyT0kijQM/y33Oys=",
			"dev": true,
			"requires": {
				"ml-matrix": "^2.0.0"
			}
		},
		"ml-disjoint-set": {
			"version": "1.0.0",
			"resolved": "https://registry.npmjs.org/ml-disjoint-set/-/ml-disjoint-set-1.0.0.tgz",
			"integrity": "sha1-bNjlg+71oCWFNIuY0N8h/YPvYII=",
			"dev": true
		},
		"ml-distance-euclidean": {
			"version": "1.0.0",
			"resolved": "https://registry.npmjs.org/ml-distance-euclidean/-/ml-distance-euclidean-1.0.0.tgz",
			"integrity": "sha1-CER8IjNkGisqm0wp5feS0o8dW5U=",
			"dev": true
		},
		"ml-distance-matrix": {
			"version": "1.0.0",
			"resolved": "https://registry.npmjs.org/ml-distance-matrix/-/ml-distance-matrix-1.0.0.tgz",
			"integrity": "sha1-HR6kcSsHDDVAe6Zmuoo4vDQs5+s=",
			"dev": true
		},
		"ml-fft": {
			"version": "1.3.5",
			"resolved": "https://registry.npmjs.org/ml-fft/-/ml-fft-1.3.5.tgz",
			"integrity": "sha1-7/wfPF0LgDoLOXOP6z2s0nwUUBA=",
			"dev": true
		},
		"ml-gsd": {
			"version": "2.0.5",
			"resolved": "https://registry.npmjs.org/ml-gsd/-/ml-gsd-2.0.5.tgz",
			"integrity": "sha512-uRbu6MeP9Km24LPB2VIn+Sw8terC7s3BIE0k57Hq1euC5mQuILODDQPycY9dEmF54ONWhzZan8aTpGiM7d+SCQ==",
			"dev": true,
			"requires": {
				"ml-optimize-lorentzian": "0.1.4",
				"ml-savitzky-golay-generalized": "1.1.0"
			}
		},
		"ml-hash-table": {
			"version": "0.2.1",
			"resolved": "https://registry.npmjs.org/ml-hash-table/-/ml-hash-table-0.2.1.tgz",
			"integrity": "sha1-rSqgbC46LKanu6oPbdUKjqozPWs=",
			"dev": true,
			"requires": {
				"binary-search": "^1.3.2",
				"new-array": "^1.0.0",
				"num-sort": "^1.0.0"
			}
		},
		"ml-hclust": {
			"version": "1.3.0",
			"resolved": "https://registry.npmjs.org/ml-hclust/-/ml-hclust-1.3.0.tgz",
			"integrity": "sha1-a+BbvSafZx5n/WbVSPRC6K3Vk00=",
			"dev": true,
			"requires": {
				"heap": "^0.2.6",
				"ml-distance-euclidean": "^1.0.0",
				"ml-distance-matrix": "^1.0.0"
			}
		},
		"ml-matrix": {
			"version": "2.3.0",
			"resolved": "https://registry.npmjs.org/ml-matrix/-/ml-matrix-2.3.0.tgz",
			"integrity": "sha1-30YBZwpnNQaO6abb8jwJTB0+zik=",
			"dev": true,
			"requires": {
				"ml-array-utils": "^0.3.0"
			},
			"dependencies": {
				"ml-array-utils": {
					"version": "0.3.0",
					"resolved": "https://registry.npmjs.org/ml-array-utils/-/ml-array-utils-0.3.0.tgz",
					"integrity": "sha1-wMxa/cHLBR9ag7HOcWQcJDZy9kk=",
					"dev": true,
					"requires": {
						"ml-stat": "^1.0.1"
					}
				}
			}
		},
		"ml-matrix-convolution": {
			"version": "0.2.0",
			"resolved": "https://registry.npmjs.org/ml-matrix-convolution/-/ml-matrix-convolution-0.2.0.tgz",
			"integrity": "sha1-hZmWYiisS4TGHQBBeFF1WdaNSc0=",
			"dev": true,
			"requires": {
				"ml-fft": "1.3.4",
				"ml-stat": "^1.2.0"
			},
			"dependencies": {
				"ml-fft": {
					"version": "1.3.4",
					"resolved": "https://registry.npmjs.org/ml-fft/-/ml-fft-1.3.4.tgz",
					"integrity": "sha1-jfcf3WQV0dWLgtvApgg16+6suLk=",
					"dev": true
				}
			}
		},
		"ml-matrix-peaks-finder": {
			"version": "0.2.1",
			"resolved": "https://registry.npmjs.org/ml-matrix-peaks-finder/-/ml-matrix-peaks-finder-0.2.1.tgz",
			"integrity": "sha1-wqzPvwoNO8HyuX8rEAOtKYjMVs0=",
			"dev": true,
			"requires": {
				"ml-disjoint-set": "^1.0.0",
				"ml-matrix-convolution": "0.2.0",
				"ml-stat": "^1.3.0"
			}
		},
		"ml-optimize-lorentzian": {
			"version": "0.1.4",
			"resolved": "https://registry.npmjs.org/ml-optimize-lorentzian/-/ml-optimize-lorentzian-0.1.4.tgz",
			"integrity": "sha1-PqZtErKGh/0b/+ywpd/xByhv2o8=",
			"dev": true,
			"requires": {
				"ml-curve-fitting": "0.0.7",
				"ml-matrix": "^2.0.0"
			}
		},
		"ml-savitzky-golay-generalized": {
			"version": "1.1.0",
			"resolved": "https://registry.npmjs.org/ml-savitzky-golay-generalized/-/ml-savitzky-golay-generalized-1.1.0.tgz",
			"integrity": "sha1-ht8Q64kW7GER4JZNLyt4J23vzuM=",
			"dev": true,
			"requires": {
				"extend": "^3.0.0",
				"ml-stat": "1.1.0"
			},
			"dependencies": {
				"ml-stat": {
					"version": "1.1.0",
					"resolved": "https://registry.npmjs.org/ml-stat/-/ml-stat-1.1.0.tgz",
					"integrity": "sha1-oAyW40TatKukVqg2+0NEFH6XtfY=",
					"dev": true
				}
			}
		},
		"ml-simple-clustering": {
			"version": "0.1.0",
			"resolved": "https://registry.npmjs.org/ml-simple-clustering/-/ml-simple-clustering-0.1.0.tgz",
			"integrity": "sha1-EbYAgQtNJkvdYCqUCNMef7EwfNU=",
			"dev": true
		},
		"ml-sparse-matrix": {
			"version": "0.2.1",
			"resolved": "https://registry.npmjs.org/ml-sparse-matrix/-/ml-sparse-matrix-0.2.1.tgz",
			"integrity": "sha1-9X2Q5B3o/vK1QpkpXJMn4RwOSUI=",
			"dev": true,
			"requires": {
				"ml-hash-table": "^0.2.0"
			}
		},
		"ml-stat": {
			"version": "1.3.3",
			"resolved": "https://registry.npmjs.org/ml-stat/-/ml-stat-1.3.3.tgz",
			"integrity": "sha1-ilSTsPZzgvv3BcJg4HBDZlWn3Po="
		},
		"new-array": {
			"version": "1.0.0",
			"resolved": "https://registry.npmjs.org/new-array/-/new-array-1.0.0.tgz",
			"integrity": "sha1-XbxjnZYerH8an7wacUbsEvKST78=",
			"dev": true
		},
		"nmr-simulation": {
			"version": "1.0.17",
			"resolved": "https://registry.npmjs.org/nmr-simulation/-/nmr-simulation-1.0.17.tgz",
			"integrity": "sha512-AvwIPHshcuykSHW2uQrhcZgzu1yx4o4YsToU7hredi7Fn68L17d6DN4IZqhc5UXQYp6PRgtwWJVPQ3ls45IKrQ==",
			"dev": true,
			"requires": {
				"binary-search": "^1.3.2",
				"ml-hclust": "^1.3.0",
				"ml-matrix": "^2.3.0",
				"ml-simple-clustering": "0.1.0",
				"ml-sparse-matrix": "^0.2.1",
				"new-array": "^1.0.0",
				"num-sort": "^1.0.0"
			}
		},
		"num-sort": {
			"version": "1.0.0",
			"resolved": "https://registry.npmjs.org/num-sort/-/num-sort-1.0.0.tgz",
			"integrity": "sha1-yr7B/V9NpKypla+Qt6DzeZROHb0=",
			"dev": true,
			"requires": {
				"number-is-nan": "^1.0.0"
			}
		},
		"number-is-nan": {
			"version": "1.0.1",
			"resolved": "https://registry.npmjs.org/number-is-nan/-/number-is-nan-1.0.1.tgz",
			"integrity": "sha1-CXtgK1NCKlIsGvuHkDGDNpQaAR0=",
			"dev": true
		},
		"pako": {
			"version": "1.0.8",
			"resolved": "https://registry.npmjs.org/pako/-/pako-1.0.8.tgz",
			"integrity": "sha512-6i0HVbUfcKaTv+EG8ZTr75az7GFXcLYk9UyLEg7Notv/Ma+z/UG3TCoz6GiNeOrn1E/e63I0X/Hpw18jHOTUnA==",
			"dev": true
		},
		"should": {
			"version": "13.2.3",
			"resolved": "https://registry.npmjs.org/should/-/should-13.2.3.tgz",
			"integrity": "sha512-ggLesLtu2xp+ZxI+ysJTmNjh2U0TsC+rQ/pfED9bUZZ4DKefP27D+7YJVVTvKsmjLpIi9jAa7itwDGkDDmt1GQ==",
			"dev": true,
			"requires": {
				"should-equal": "^2.0.0",
				"should-format": "^3.0.3",
				"should-type": "^1.4.0",
				"should-type-adaptors": "^1.0.1",
				"should-util": "^1.0.0"
			}
		},
		"should-equal": {
			"version": "2.0.0",
			"resolved": "https://registry.npmjs.org/should-equal/-/should-equal-2.0.0.tgz",
			"integrity": "sha512-ZP36TMrK9euEuWQYBig9W55WPC7uo37qzAEmbjHz4gfyuXrEUgF8cUvQVO+w+d3OMfPvSRQJ22lSm8MQJ43LTA==",
			"dev": true,
			"requires": {
				"should-type": "^1.4.0"
			}
		},
		"should-format": {
			"version": "3.0.3",
			"resolved": "https://registry.npmjs.org/should-format/-/should-format-3.0.3.tgz",
			"integrity": "sha1-m/yPdPo5IFxT04w01xcwPidxJPE=",
			"dev": true,
			"requires": {
				"should-type": "^1.3.0",
				"should-type-adaptors": "^1.0.1"
			}
		},
		"should-type": {
			"version": "1.4.0",
			"resolved": "https://registry.npmjs.org/should-type/-/should-type-1.4.0.tgz",
			"integrity": "sha1-B1bYzoRt/QmEOmlHcZ36DUz/XPM=",
			"dev": true
		},
		"should-type-adaptors": {
			"version": "1.1.0",
			"resolved": "https://registry.npmjs.org/should-type-adaptors/-/should-type-adaptors-1.1.0.tgz",
			"integrity": "sha512-JA4hdoLnN+kebEp2Vs8eBe9g7uy0zbRo+RMcU0EsNy+R+k049Ki+N5tT5Jagst2g7EAja+euFuoXFCa8vIklfA==",
			"dev": true,
			"requires": {
				"should-type": "^1.3.0",
				"should-util": "^1.0.0"
			}
		},
		"should-util": {
			"version": "1.0.0",
			"resolved": "https://registry.npmjs.org/should-util/-/should-util-1.0.0.tgz",
			"integrity": "sha1-yYzaN0qmsZDfi6h8mInCtNtiAGM=",
			"dev": true
		},
		"spectra-data": {
			"version": "3.4.5",
			"resolved": "https://registry.npmjs.org/spectra-data/-/spectra-data-3.4.5.tgz",
			"integrity": "sha512-xDKg4neffK+O/yzcKsfMHlAqpjl7MNvV7+a3F8+/cTd55z1M8z40lwsk7Gi3Ae9Pk02Ah/lmy/V0RliJnWABwA==",
			"dev": true,
			"requires": {
				"brukerconverter": "^1.0.1",
				"jcampconverter": "^2.9.2",
				"lodash.round": "^4.0.4",
				"ml-array-max": "^1.0.1",
				"ml-array-median": "^1.0.0",
				"ml-array-min": "^1.0.1",
				"ml-array-rescale": "^1.1.0",
				"ml-array-utils": "^0.4.0",
				"ml-curve-fitting": "^0.0.7",
				"ml-fft": "^1.3.5",
				"ml-gsd": "^2.0.1",
				"ml-matrix-peaks-finder": "^0.2.1",
				"ml-simple-clustering": "^0.1.0",
				"nmr-simulation": "^1.0.17",
				"spectra-data-ranges": "^1.1.5",
				"spectra-nmr-utilities": "^1.0.5"
			}
		},
		"spectra-data-ranges": {
			"version": "1.1.5",
			"resolved": "https://registry.npmjs.org/spectra-data-ranges/-/spectra-data-ranges-1.1.5.tgz",
			"integrity": "sha512-znkNjlQwfFbg/uUTFAD+pdSXH+AsPMObSH2rfoG3XoxgDr+VNfapE228bqVM7L8FFvodqGdLq8y6y2rA0ckV2g==",
			"dev": true,
			"requires": {
				"lodash.round": "^4.0.4",
				"ml-stat": "^1.3.0",
				"spectra-nmr-utilities": "^1.0.5"
			}
		},
		"spectra-nmr-utilities": {
			"version": "1.0.5",
			"resolved": "https://registry.npmjs.org/spectra-nmr-utilities/-/spectra-nmr-utilities-1.0.5.tgz",
			"integrity": "sha512-zkJuohLtEnVN9Rtb9Gt7vysUf6C7FJJAkuJs5tfz05Ei1HSgLg3X5BpR3YvEXcWzViq3DMMkuEn8FAK3KVaXLA==",
			"dev": true
		}
	}
}
