{
	"name": "spectra-data",
	"version": "3.4.7",
	"lockfileVersion": 1,
	"requires": true,
	"dependencies": {
		"asynckit": {
			"version": "0.4.0",
			"resolved": "https://registry.npmjs.org/asynckit/-/asynckit-0.4.0.tgz",
			"integrity": "sha1-x57Zf380y48robyXkLzDZkdLS3k=",
			"dev": true
		},
		"babel-runtime": {
			"version": "6.26.0",
			"resolved": "https://registry.npmjs.org/babel-runtime/-/babel-runtime-6.26.0.tgz",
			"integrity": "sha1-llxwWGaOgrVde/4E/yM3vItWR/4=",
			"requires": {
				"core-js": "^2.4.0",
				"regenerator-runtime": "^0.11.0"
			}
		},
		"babylon": {
			"version": "7.0.0-beta.19",
			"resolved": "https://registry.npmjs.org/babylon/-/babylon-7.0.0-beta.19.tgz",
			"integrity": "sha512-Vg0C9s/REX6/WIXN37UKpv5ZhRi6A4pjHlpkE34+8/a6c2W1Q692n3hmc+SZG5lKRnaExLUbxtJ1SVT+KaCQ/A==",
			"dev": true
		},
		"binary-search": {
			"version": "1.3.5",
			"resolved": "https://registry.npmjs.org/binary-search/-/binary-search-1.3.5.tgz",
			"integrity": "sha512-RHFP0AdU6KAB0CCZsRMU2CJTk2EpL8GLURT+4gilpjr1f/7M91FgUMnXuQLmf3OKLet34gjuNFwO7e4agdX5pw=="
		},
		"bluebird": {
			"version": "3.5.2",
			"resolved": "https://registry.npmjs.org/bluebird/-/bluebird-3.5.2.tgz",
			"integrity": "sha512-dhHTWMI7kMx5whMQntl7Vr9C6BvV10lFXDAasnqnrMYhXVCzzk6IO9Fo2L75jXHT07WrOngL1WDXOp+yYS91Yg==",
			"dev": true
		},
		"brukerconverter": {
			"version": "1.0.1",
			"resolved": "https://registry.npmjs.org/brukerconverter/-/brukerconverter-1.0.1.tgz",
			"integrity": "sha1-wEtKis4t1PmdzBikIUXOGS+VBY8=",
			"requires": {
				"iobuffer": "^2.0.0",
				"jcampconverter": "^2.3.0",
				"jszip": "^2.5.0"
			}
		},
		"catharsis": {
			"version": "0.8.9",
			"resolved": "https://registry.npmjs.org/catharsis/-/catharsis-0.8.9.tgz",
			"integrity": "sha1-mMyJDKZS3S7w5ws3klMQ/56Q/Is=",
			"dev": true,
			"requires": {
				"underscore-contrib": "~0.3.0"
			}
		},
		"combined-stream": {
			"version": "1.0.7",
			"resolved": "https://registry.npmjs.org/combined-stream/-/combined-stream-1.0.7.tgz",
			"integrity": "sha512-brWl9y6vOB1xYPZcpZde3N9zDByXTosAeMDo4p1wzo6UMOX4vumB+TP1RZ76sfE6Md68Q0NJSrE/gbezd4Ul+w==",
			"dev": true,
			"requires": {
				"delayed-stream": "~1.0.0"
			}
		},
		"component-emitter": {
			"version": "1.2.1",
			"resolved": "https://registry.npmjs.org/component-emitter/-/component-emitter-1.2.1.tgz",
			"integrity": "sha1-E3kY1teCg/ffemt8WmPhQOaUJeY=",
			"dev": true
		},
		"cookiejar": {
			"version": "2.1.2",
			"resolved": "https://registry.npmjs.org/cookiejar/-/cookiejar-2.1.2.tgz",
			"integrity": "sha512-Mw+adcfzPxcPeI+0WlvRrr/3lGVO0bD75SxX6811cxSh1Wbxx7xZBGK1eVtDf6si8rg2lhnUjsVLMFMfbRIuwA==",
			"dev": true
		},
		"core-js": {
			"version": "2.5.7",
			"resolved": "https://registry.npmjs.org/core-js/-/core-js-2.5.7.tgz",
			"integrity": "sha512-RszJCAxg/PP6uzXVXL6BsxSXx/B05oJAQ2vkJRjyjrEcNVycaqOmNb5OTxZPE3xa5gwZduqza6L9JOCenh/Ecw=="
		},
		"core-util-is": {
			"version": "1.0.2",
			"resolved": "https://registry.npmjs.org/core-util-is/-/core-util-is-1.0.2.tgz",
			"integrity": "sha1-tf1UIgqivFq1eqtxQMlAdUUDwac=",
			"dev": true
		},
		"debug": {
			"version": "3.2.6",
			"resolved": "https://registry.npmjs.org/debug/-/debug-3.2.6.tgz",
			"integrity": "sha512-mel+jf7nrtEl5Pn1Qx46zARXKDpBbvzezse7p7LqINmdoIk8PYP5SySaxEmYv6TZ0JyEKA1hsCId6DIhgITtWQ==",
			"requires": {
				"ms": "^2.1.1"
			}
		},
		"delayed-stream": {
			"version": "1.0.0",
			"resolved": "https://registry.npmjs.org/delayed-stream/-/delayed-stream-1.0.0.tgz",
			"integrity": "sha1-3zrhmayt+31ECqrgsp4icrJOxhk=",
			"dev": true
		},
		"duplexer2": {
			"version": "0.1.4",
			"resolved": "https://registry.npmjs.org/duplexer2/-/duplexer2-0.1.4.tgz",
			"integrity": "sha1-ixLauHjA1p4+eJEFFmKjL8a93ME=",
			"dev": true,
			"requires": {
				"readable-stream": "^2.0.2"
			}
		},
		"escape-string-regexp": {
			"version": "1.0.5",
			"resolved": "https://registry.npmjs.org/escape-string-regexp/-/escape-string-regexp-1.0.5.tgz",
			"integrity": "sha1-G2HAViGQqN/2rjuyzwIAyhMLhtQ=",
			"dev": true
		},
		"extend": {
			"version": "3.0.0",
			"resolved": "https://registry.npmjs.org/extend/-/extend-3.0.0.tgz",
			"integrity": "sha1-WkdDU7nzNT3dgXbf03uRyDpG8dQ="
		},
		"form-data": {
			"version": "2.3.3",
			"resolved": "https://registry.npmjs.org/form-data/-/form-data-2.3.3.tgz",
			"integrity": "sha512-1lLKB2Mu3aGP1Q/2eCOx0fNbRMe7XdwktwOruhfqqd0rIJWwN4Dh+E3hrPSlDCXnSR7UtZ1N38rVXm+6+MEhJQ==",
			"dev": true,
			"requires": {
				"asynckit": "^0.4.0",
				"combined-stream": "^1.0.6",
				"mime-types": "^2.1.12"
			}
		},
		"formidable": {
			"version": "1.2.1",
			"resolved": "https://registry.npmjs.org/formidable/-/formidable-1.2.1.tgz",
			"integrity": "sha512-Fs9VRguL0gqGHkXS5GQiMCr1VhZBxz0JnJs4JmMp/2jL18Fmbzvv7vOFRU+U8TBkHEE/CX1qDXzJplVULgsLeg==",
			"dev": true
		},
		"graceful-fs": {
			"version": "4.1.11",
			"resolved": "https://registry.npmjs.org/graceful-fs/-/graceful-fs-4.1.11.tgz",
			"integrity": "sha1-Dovf5NHduIVNZOBOp8AOKgJuVlg=",
			"dev": true
		},
		"heap": {
			"version": "0.2.6",
			"resolved": "https://registry.npmjs.org/heap/-/heap-0.2.6.tgz",
			"integrity": "sha1-CH4fELBGky/IWU3Z5tN4r8nR5aw="
		},
		"inherits": {
			"version": "2.0.3",
			"resolved": "https://registry.npmjs.org/inherits/-/inherits-2.0.3.tgz",
			"integrity": "sha1-Yzwsg+PaQqUC9SRmAiSA9CCCYd4=",
			"dev": true
		},
		"iobuffer": {
			"version": "2.1.0",
			"resolved": "https://registry.npmjs.org/iobuffer/-/iobuffer-2.1.0.tgz",
			"integrity": "sha1-B0iC0kAgqF22pQQqBBjvm2suYWo="
		},
		"is-any-array": {
			"version": "0.0.3",
			"resolved": "https://registry.npmjs.org/is-any-array/-/is-any-array-0.0.3.tgz",
			"integrity": "sha512-Lr5SRykZv6uuYMZURz7+YpigT1ziTBHOTgFJ1zK7gL+9Wbet5Ha1ws6S84Jo/lH4zep02b95sk6o4+MTk97mPQ=="
		},
		"isarray": {
			"version": "1.0.0",
			"resolved": "https://registry.npmjs.org/isarray/-/isarray-1.0.0.tgz",
			"integrity": "sha1-u5NdSFgsuhaMBoNJV6VKPgcSTxE=",
			"dev": true
		},
		"jcampconverter": {
			"version": "2.10.0",
			"resolved": "https://registry.npmjs.org/jcampconverter/-/jcampconverter-2.10.0.tgz",
			"integrity": "sha512-ozXymfROoFqU1Loht3f5jiD9EGTsP/nCm9qTvD8cZU0KDU2yu32YbF/1tf6c5ZXVe5SQb/3rXf4ntAOWMRuT+w=="
		},
		"js2xmlparser": {
			"version": "3.0.0",
			"resolved": "https://registry.npmjs.org/js2xmlparser/-/js2xmlparser-3.0.0.tgz",
			"integrity": "sha1-P7YOqgicVED5MZ9RdgzNB+JJlzM=",
			"dev": true,
			"requires": {
				"xmlcreate": "^1.0.1"
			}
		},
		"jsdoc": {
			"version": "3.5.5",
			"resolved": "https://registry.npmjs.org/jsdoc/-/jsdoc-3.5.5.tgz",
			"integrity": "sha512-6PxB65TAU4WO0Wzyr/4/YhlGovXl0EVYfpKbpSroSj0qBxT4/xod/l40Opkm38dRHRdQgdeY836M0uVnJQG7kg==",
			"dev": true,
			"requires": {
				"babylon": "7.0.0-beta.19",
				"bluebird": "~3.5.0",
				"catharsis": "~0.8.9",
				"escape-string-regexp": "~1.0.5",
				"js2xmlparser": "~3.0.0",
				"klaw": "~2.0.0",
				"marked": "~0.3.6",
				"mkdirp": "~0.5.1",
				"requizzle": "~0.2.1",
				"strip-json-comments": "~2.0.1",
				"taffydb": "2.6.2",
				"underscore": "~1.8.3"
			}
		},
		"jszip": {
			"version": "2.6.1",
			"resolved": "https://registry.npmjs.org/jszip/-/jszip-2.6.1.tgz",
			"integrity": "sha1-uI86ey5noqBIFSmCx6N1bZxIKPA=",
			"requires": {
				"pako": "~1.0.2"
			}
		},
		"klaw": {
			"version": "2.0.0",
			"resolved": "https://registry.npmjs.org/klaw/-/klaw-2.0.0.tgz",
			"integrity": "sha1-WcEo4Nxc5BAgEVEZTuucv4WGUPY=",
			"dev": true,
			"requires": {
				"graceful-fs": "^4.1.9"
			}
		},
		"lodash.round": {
			"version": "4.0.4",
			"resolved": "https://registry.npmjs.org/lodash.round/-/lodash.round-4.0.4.tgz",
			"integrity": "sha1-EBtrpcbOzJmPKrvoC2Apr/0l0mI="
		},
		"marked": {
			"version": "0.3.19",
			"resolved": "http://registry.npmjs.org/marked/-/marked-0.3.19.tgz",
			"integrity": "sha512-ea2eGWOqNxPcXv8dyERdSr/6FmzvWwzjMxpfGB/sbMccXoct+xY+YukPD+QTUZwyvK7BZwcr4m21WBOW41pAkg==",
			"dev": true
		},
		"median-quickselect": {
			"version": "1.0.1",
			"resolved": "https://registry.npmjs.org/median-quickselect/-/median-quickselect-1.0.1.tgz",
			"integrity": "sha1-3jQIA1pbLwQ4o5uZiT+vPn1hd/g="
		},
		"methods": {
			"version": "1.1.2",
			"resolved": "https://registry.npmjs.org/methods/-/methods-1.1.2.tgz",
			"integrity": "sha1-VSmk1nZUE07cxSZmVoNbD4Ua/O4=",
			"dev": true
		},
		"mime": {
			"version": "1.6.0",
			"resolved": "https://registry.npmjs.org/mime/-/mime-1.6.0.tgz",
			"integrity": "sha512-x0Vn8spI+wuJ1O6S7gnbaQg8Pxh4NNHb7KSINmEWKiPE4RKOplvijn+NkmYmmRgP68mc70j2EbeTFRsrswaQeg==",
			"dev": true
		},
		"mime-db": {
			"version": "1.37.0",
			"resolved": "https://registry.npmjs.org/mime-db/-/mime-db-1.37.0.tgz",
			"integrity": "sha512-R3C4db6bgQhlIhPU48fUtdVmKnflq+hRdad7IyKhtFj06VPNVdk2RhiYL3UjQIlso8L+YxAtFkobT0VK+S/ybg==",
			"dev": true
		},
		"mime-types": {
			"version": "2.1.21",
			"resolved": "https://registry.npmjs.org/mime-types/-/mime-types-2.1.21.tgz",
			"integrity": "sha512-3iL6DbwpyLzjR3xHSFNFeb9Nz/M8WDkX33t1GFQnFOllWk8pOrh/LSrB5OXlnlW5P9LH73X6loW/eogc+F5lJg==",
			"dev": true,
			"requires": {
				"mime-db": "~1.37.0"
			}
		},
		"minimist": {
			"version": "0.0.8",
			"resolved": "http://registry.npmjs.org/minimist/-/minimist-0.0.8.tgz",
			"integrity": "sha1-hX/Kv8M5fSYluCKCYuhqp6ARsF0=",
			"dev": true
		},
		"mkdirp": {
			"version": "0.5.1",
			"resolved": "http://registry.npmjs.org/mkdirp/-/mkdirp-0.5.1.tgz",
			"integrity": "sha1-MAV0OOrGz3+MR2fzhkjWaX11yQM=",
			"dev": true,
			"requires": {
				"minimist": "0.0.8"
			}
		},
		"ml-array-max": {
			"version": "1.1.0",
			"resolved": "https://registry.npmjs.org/ml-array-max/-/ml-array-max-1.1.0.tgz",
			"integrity": "sha512-arGYML81Tc+86kRVeLlxxNVGWtGk1ObX2Zz8S+G2sYdfNpTedF2tO2K/JytEFxqhpWyo4U2S3N3yX4nAambKqw==",
			"requires": {
				"is-any-array": "^0.0.3"
			}
		},
		"ml-array-median": {
			"version": "1.1.0",
			"resolved": "https://registry.npmjs.org/ml-array-median/-/ml-array-median-1.1.0.tgz",
			"integrity": "sha512-uXoz5T2+WTUPvRfLBbVQGU/1LyuTittmWKXT6JACuJLtFrMmw8Ph4nN73skNnju9u0aYU1nDHOmCnvPqO63D6g==",
			"requires": {
				"is-any-array": "^0.0.3",
				"median-quickselect": "^1.0.1"
			}
		},
		"ml-array-min": {
			"version": "1.1.0",
			"resolved": "https://registry.npmjs.org/ml-array-min/-/ml-array-min-1.1.0.tgz",
			"integrity": "sha512-XsYAic+MofOa5eqkXlcdylnvhHLwt6R7n08ebKwtkSE5wq+P52bDoanMVCiNTU2DMZAsw18JG8Q3yhXQDcx/jA==",
			"requires": {
				"is-any-array": "^0.0.3"
			}
		},
		"ml-array-rescale": {
			"version": "1.2.0",
			"resolved": "https://registry.npmjs.org/ml-array-rescale/-/ml-array-rescale-1.2.0.tgz",
			"integrity": "sha512-sIcTwB76d/PrWDArTYYyLYpFlKfc0N0QvgIdNoTyUwqXWu/rXPGI5Xm4hsOgTSmQ0yXXW7fuU8YGGhduG5nCTg==",
			"requires": {
				"is-any-array": "^0.0.3",
				"ml-array-max": "^1.1.0",
				"ml-array-min": "^1.1.0"
			}
		},
		"ml-array-utils": {
			"version": "0.4.0",
			"resolved": "https://registry.npmjs.org/ml-array-utils/-/ml-array-utils-0.4.0.tgz",
			"integrity": "sha512-2OobMfnkfUNhDIqoIZ1QQA9a25aDijGqgu2jSrtsPR9/FAFSn2+lMni5514ru5rUFAGQGJSrEIPDAwVbPjWIjw==",
			"requires": {
				"ml-stat": "^1.0.1"
			}
		},
		"ml-arrayxy-uniquex": {
			"version": "0.0.2",
			"resolved": "https://registry.npmjs.org/ml-arrayxy-uniquex/-/ml-arrayxy-uniquex-0.0.2.tgz",
			"integrity": "sha1-cRARoKKeaz/nZxjLM8MC0GLqPF8="
		},
		"ml-curve-fitting": {
			"version": "0.0.7",
			"resolved": "https://registry.npmjs.org/ml-curve-fitting/-/ml-curve-fitting-0.0.7.tgz",
			"integrity": "sha1-FyKwP4wUwD9RyT0kijQM/y33Oys=",
			"requires": {
				"ml-matrix": "^2.0.0"
			}
		},
		"ml-disjoint-set": {
			"version": "1.0.0",
			"resolved": "https://registry.npmjs.org/ml-disjoint-set/-/ml-disjoint-set-1.0.0.tgz",
			"integrity": "sha1-bNjlg+71oCWFNIuY0N8h/YPvYII="
		},
		"ml-distance-euclidean": {
			"version": "1.0.0",
			"resolved": "https://registry.npmjs.org/ml-distance-euclidean/-/ml-distance-euclidean-1.0.0.tgz",
			"integrity": "sha1-CER8IjNkGisqm0wp5feS0o8dW5U="
		},
		"ml-distance-matrix": {
			"version": "1.0.0",
			"resolved": "https://registry.npmjs.org/ml-distance-matrix/-/ml-distance-matrix-1.0.0.tgz",
			"integrity": "sha1-HR6kcSsHDDVAe6Zmuoo4vDQs5+s="
		},
		"ml-fft": {
			"version": "1.3.5",
			"resolved": "https://registry.npmjs.org/ml-fft/-/ml-fft-1.3.5.tgz",
			"integrity": "sha1-7/wfPF0LgDoLOXOP6z2s0nwUUBA="
		},
		"ml-floyd-warshall": {
			"version": "1.0.0",
			"resolved": "https://registry.npmjs.org/ml-floyd-warshall/-/ml-floyd-warshall-1.0.0.tgz",
			"integrity": "sha1-Da5zVGh8/Y+D6FVRZ/wwpboicAk=",
			"dev": true,
			"requires": {
				"ml-matrix": "^2.0.0"
			}
		},
		"ml-gsd": {
			"version": "2.0.3",
			"resolved": "https://registry.npmjs.org/ml-gsd/-/ml-gsd-2.0.3.tgz",
			"integrity": "sha512-eZcejcBDhpV87B7iXRhqmJmn1yQh231oPRQpVBaazNJgRKkUUFHyXMqbSdd80qFJQdHxAT4JrVVkxth8NMv4CQ==",
			"requires": {
				"extend": "3.0.0",
				"ml-optimize-lorentzian": "0.1.4",
				"ml-savitzky-golay-generalized": "1.1.0",
				"spectrum-generator": "^2.0.1",
				"xy-parser": "^1.2.0"
			}
		},
		"ml-hash-table": {
			"version": "0.2.1",
			"resolved": "https://registry.npmjs.org/ml-hash-table/-/ml-hash-table-0.2.1.tgz",
			"integrity": "sha1-rSqgbC46LKanu6oPbdUKjqozPWs=",
			"requires": {
				"binary-search": "^1.3.2",
				"new-array": "^1.0.0",
				"num-sort": "^1.0.0"
			}
		},
		"ml-hclust": {
			"version": "1.3.0",
			"resolved": "https://registry.npmjs.org/ml-hclust/-/ml-hclust-1.3.0.tgz",
			"integrity": "sha1-a+BbvSafZx5n/WbVSPRC6K3Vk00=",
			"requires": {
				"heap": "^0.2.6",
				"ml-distance-euclidean": "^1.0.0",
				"ml-distance-matrix": "^1.0.0"
			}
		},
		"ml-matrix": {
			"version": "2.3.0",
			"resolved": "https://registry.npmjs.org/ml-matrix/-/ml-matrix-2.3.0.tgz",
			"integrity": "sha1-30YBZwpnNQaO6abb8jwJTB0+zik=",
			"requires": {
				"ml-array-utils": "^0.3.0"
			},
			"dependencies": {
				"ml-array-utils": {
					"version": "0.3.0",
					"resolved": "https://registry.npmjs.org/ml-array-utils/-/ml-array-utils-0.3.0.tgz",
					"integrity": "sha1-wMxa/cHLBR9ag7HOcWQcJDZy9kk=",
					"requires": {
						"ml-stat": "^1.0.1"
					}
				}
			}
		},
		"ml-matrix-convolution": {
			"version": "0.2.0",
			"resolved": "https://registry.npmjs.org/ml-matrix-convolution/-/ml-matrix-convolution-0.2.0.tgz",
			"integrity": "sha1-hZmWYiisS4TGHQBBeFF1WdaNSc0=",
			"requires": {
				"ml-fft": "1.3.4",
				"ml-stat": "^1.2.0"
			},
			"dependencies": {
				"ml-fft": {
					"version": "1.3.4",
					"resolved": "https://registry.npmjs.org/ml-fft/-/ml-fft-1.3.4.tgz",
					"integrity": "sha1-jfcf3WQV0dWLgtvApgg16+6suLk="
				}
			}
		},
		"ml-matrix-peaks-finder": {
			"version": "0.2.1",
			"resolved": "https://registry.npmjs.org/ml-matrix-peaks-finder/-/ml-matrix-peaks-finder-0.2.1.tgz",
			"integrity": "sha1-wqzPvwoNO8HyuX8rEAOtKYjMVs0=",
			"requires": {
				"ml-disjoint-set": "^1.0.0",
				"ml-matrix-convolution": "0.2.0",
				"ml-stat": "^1.3.0"
			}
		},
		"ml-optimize-lorentzian": {
			"version": "0.1.4",
			"resolved": "https://registry.npmjs.org/ml-optimize-lorentzian/-/ml-optimize-lorentzian-0.1.4.tgz",
			"integrity": "sha1-PqZtErKGh/0b/+ywpd/xByhv2o8=",
			"requires": {
				"ml-curve-fitting": "0.0.7",
				"ml-matrix": "^2.0.0"
			}
		},
		"ml-savitzky-golay-generalized": {
			"version": "1.1.0",
			"resolved": "https://registry.npmjs.org/ml-savitzky-golay-generalized/-/ml-savitzky-golay-generalized-1.1.0.tgz",
			"integrity": "sha1-ht8Q64kW7GER4JZNLyt4J23vzuM=",
			"requires": {
				"extend": "^3.0.0",
				"ml-stat": "1.1.0"
			},
			"dependencies": {
				"ml-stat": {
					"version": "1.1.0",
					"resolved": "https://registry.npmjs.org/ml-stat/-/ml-stat-1.1.0.tgz",
					"integrity": "sha1-oAyW40TatKukVqg2+0NEFH6XtfY="
				}
			}
		},
		"ml-simple-clustering": {
			"version": "0.1.0",
			"resolved": "https://registry.npmjs.org/ml-simple-clustering/-/ml-simple-clustering-0.1.0.tgz",
			"integrity": "sha1-EbYAgQtNJkvdYCqUCNMef7EwfNU="
		},
		"ml-sparse-matrix": {
			"version": "0.2.1",
			"resolved": "https://registry.npmjs.org/ml-sparse-matrix/-/ml-sparse-matrix-0.2.1.tgz",
			"integrity": "sha1-9X2Q5B3o/vK1QpkpXJMn4RwOSUI=",
			"requires": {
				"ml-hash-table": "^0.2.0"
			}
		},
		"ml-stat": {
			"version": "1.3.3",
			"resolved": "https://registry.npmjs.org/ml-stat/-/ml-stat-1.3.3.tgz",
			"integrity": "sha1-ilSTsPZzgvv3BcJg4HBDZlWn3Po="
		},
		"ms": {
			"version": "2.1.1",
			"resolved": "https://registry.npmjs.org/ms/-/ms-2.1.1.tgz",
			"integrity": "sha512-tgp+dl5cGk28utYktBsrFqA7HKgrhgPsg6Z/EfhWI4gl1Hwq8B/GmY/0oXZ6nF8hDVesS/FpnYaD/kOWhYQvyg=="
		},
		"multipipe": {
			"version": "2.0.3",
			"resolved": "https://registry.npmjs.org/multipipe/-/multipipe-2.0.3.tgz",
			"integrity": "sha512-OtUaPHj/mrk2dh+34+uw7RGGg7rhOcV7UVjhyHM3zk/yvUq7580G5XNEw9elzjR2N92GmB+YxgS/b0+xo8zHPQ==",
			"dev": true,
			"requires": {
				"duplexer2": "^0.1.2",
				"object-assign": "^4.1.0"
			}
		},
		"new-array": {
			"version": "1.0.0",
			"resolved": "https://registry.npmjs.org/new-array/-/new-array-1.0.0.tgz",
			"integrity": "sha1-XbxjnZYerH8an7wacUbsEvKST78="
		},
		"nmr-predictor": {
			"version": "1.2.0",
			"resolved": "https://registry.npmjs.org/nmr-predictor/-/nmr-predictor-1.2.0.tgz",
			"integrity": "sha512-sDXQH95GpCiDaPHHj84VPtWDkCiqnYIwLHGQuxM7tBGxB9S1DKQgHs7jxFRVQqLDvmycx/NpbSwITz+h/a6Vow==",
			"dev": true,
			"requires": {
				"new-array": "^1.0.0",
				"num-sort": "^1.0.0",
				"openchemlib-extended": "^4.0.1",
				"should": "^13.2.3",
				"spectra-nmr-utilities": "^1.0.5",
				"superagent": "^3.5.0",
				"xml2js": "^0.4.19"
			}
		},
		"nmr-simulation": {
			"version": "1.0.17",
			"resolved": "https://registry.npmjs.org/nmr-simulation/-/nmr-simulation-1.0.17.tgz",
			"integrity": "sha512-AvwIPHshcuykSHW2uQrhcZgzu1yx4o4YsToU7hredi7Fn68L17d6DN4IZqhc5UXQYp6PRgtwWJVPQ3ls45IKrQ==",
			"requires": {
				"binary-search": "^1.3.2",
				"ml-hclust": "^1.3.0",
				"ml-matrix": "^2.3.0",
				"ml-simple-clustering": "0.1.0",
				"ml-sparse-matrix": "^0.2.1",
				"new-array": "^1.0.0",
				"num-sort": "^1.0.0"
			}
		},
		"num-sort": {
			"version": "1.0.0",
			"resolved": "https://registry.npmjs.org/num-sort/-/num-sort-1.0.0.tgz",
			"integrity": "sha1-yr7B/V9NpKypla+Qt6DzeZROHb0=",
			"requires": {
				"number-is-nan": "^1.0.0"
			}
		},
		"number-is-nan": {
			"version": "1.0.1",
			"resolved": "https://registry.npmjs.org/number-is-nan/-/number-is-nan-1.0.1.tgz",
			"integrity": "sha1-CXtgK1NCKlIsGvuHkDGDNpQaAR0="
		},
		"object-assign": {
			"version": "4.1.1",
			"resolved": "https://registry.npmjs.org/object-assign/-/object-assign-4.1.1.tgz",
			"integrity": "sha1-IQmtx5ZYh8/AXLvUQsrIv7s2CGM=",
			"dev": true
		},
		"openchemlib": {
			"version": "5.9.1",
			"resolved": "https://registry.npmjs.org/openchemlib/-/openchemlib-5.9.1.tgz",
			"integrity": "sha512-+Mlmpr/6GAGKW6cxsra0Ea2mBlMCwbFvimGV54HuKd7sOd9R4TzsNw3xOfODB5xFC/eUuvAgt8/19Wq6KpB3UQ==",
			"dev": true
		},
		"openchemlib-extended": {
			"version": "4.0.1",
			"resolved": "https://registry.npmjs.org/openchemlib-extended/-/openchemlib-extended-4.0.1.tgz",
			"integrity": "sha512-RLbz1ClAbIU1PKs5yB6+Bln6xNL/yAdSL20jO3pweaBBaR9WIB6YCon3u+9zJ1tzXtkbR43pqJPBkx317imB5w==",
			"dev": true,
			"requires": {
				"ml-floyd-warshall": "^1.0.0",
				"ml-matrix": "^5.2.0",
				"openchemlib": "^5.6.1",
				"papaparse": "^4.6.2",
				"rxn-parser": "0.1.0",
				"sdf-parser": "^3.1.0",
				"setimmediate": "^1.0.2"
			},
			"dependencies": {
				"ml-array-max": {
					"version": "1.1.1",
					"resolved": "https://registry.npmjs.org/ml-array-max/-/ml-array-max-1.1.1.tgz",
					"integrity": "sha512-lEtVH02mkRESnwCq6y0w8rrnRltwlEmYKRuYNZGSmpiqL+TcHc1Z/kn73Ga9L3iFtyYOtmdLGug0ufGy0xbfmw==",
					"dev": true,
					"requires": {
						"is-any-array": "^0.0.3"
					}
				},
				"ml-array-min": {
					"version": "1.1.1",
					"resolved": "https://registry.npmjs.org/ml-array-min/-/ml-array-min-1.1.1.tgz",
					"integrity": "sha512-xwUm80ktZLoKMK5j0yilCM8/X07KaW/yvnBiqxPxLRkzIEqK2NA2lHw5uvDpfEYYBUzZbMIG/jHDum+YrjKvPg==",
					"dev": true,
					"requires": {
						"is-any-array": "^0.0.3"
					}
				},
				"ml-array-rescale": {
					"version": "1.2.1",
					"resolved": "https://registry.npmjs.org/ml-array-rescale/-/ml-array-rescale-1.2.1.tgz",
					"integrity": "sha512-C9YliVwYknxBNFXXbCFwCDUZScZkgL82CEL4GdpdhWAvUTZIRn7opAOOj4ZnZZXjIrUFCV+YB99DKM1frd9eOQ==",
					"dev": true,
					"requires": {
						"is-any-array": "^0.0.3",
						"ml-array-max": "^1.1.1",
						"ml-array-min": "^1.1.1"
					}
				},
				"ml-matrix": {
					"version": "5.2.1",
					"resolved": "https://registry.npmjs.org/ml-matrix/-/ml-matrix-5.2.1.tgz",
					"integrity": "sha512-bPvOKYmp29VFtU23ImjQvRhJNPPHcLZj6NR+SERF64lr4mEo7TvCKeZs+H5kajQDt0vBkNHZZkrcaPqkpBS8JQ==",
					"dev": true,
					"requires": {
						"ml-array-max": "^1.1.1",
						"ml-array-rescale": "^1.2.1"
					}
				}
			}
		},
		"ow": {
			"version": "0.4.0",
			"resolved": "https://registry.npmjs.org/ow/-/ow-0.4.0.tgz",
			"integrity": "sha512-kJNzxUgVd6EF5LoGs+s2/etJPwjfRDLXPTCfEgV8At77sRrV+PSFA8lcoW2HF15Qd455mIR2Stee/2MzDiFBDA=="
		},
		"ow-lite": {
			"version": "0.0.2",
			"resolved": "https://registry.npmjs.org/ow-lite/-/ow-lite-0.0.2.tgz",
			"integrity": "sha1-359QDmdAtlkKHpqWVzDUmo61l9E="
		},
		"pako": {
			"version": "1.0.6",
			"resolved": "https://registry.npmjs.org/pako/-/pako-1.0.6.tgz",
			"integrity": "sha512-lQe48YPsMJAig+yngZ87Lus+NF+3mtu7DVOBu6b/gHO1YpKwIj5AWjZ/TOS7i46HD/UixzWb1zeWDZfGZ3iYcg=="
		},
		"papaparse": {
			"version": "4.6.3",
			"resolved": "https://registry.npmjs.org/papaparse/-/papaparse-4.6.3.tgz",
			"integrity": "sha512-LRq7BrHC2kHPBYSD50aKuw/B/dGcg29omyJbKWY3KsYUZU69RKwaBHu13jGmCYBtOc4odsLCrFyk6imfyNubJQ==",
			"dev": true
		},
		"process-nextick-args": {
			"version": "2.0.0",
			"resolved": "https://registry.npmjs.org/process-nextick-args/-/process-nextick-args-2.0.0.tgz",
			"integrity": "sha512-MtEC1TqN0EU5nephaJ4rAtThHtC86dNN9qCuEhtshvpVBkAW5ZO7BASN9REnF9eoXGcRub+pFuKEpOHE+HbEMw==",
			"dev": true
		},
		"qs": {
			"version": "6.6.0",
			"resolved": "https://registry.npmjs.org/qs/-/qs-6.6.0.tgz",
			"integrity": "sha512-KIJqT9jQJDQx5h5uAVPimw6yVg2SekOKu959OCtktD3FjzbpvaPr8i4zzg07DOMz+igA4W/aNM7OV8H37pFYfA==",
			"dev": true
		},
		"random": {
			"version": "2.0.12",
			"resolved": "https://registry.npmjs.org/random/-/random-2.0.12.tgz",
			"integrity": "sha1-izNoZjn9JpWbQP8R+RhqQ8EnLzw=",
			"requires": {
				"babel-runtime": "^6.26.0",
				"ow": "^0.4.0",
				"ow-lite": "^0.0.2"
			}
		},
		"readable-stream": {
			"version": "2.3.6",
			"resolved": "https://registry.npmjs.org/readable-stream/-/readable-stream-2.3.6.tgz",
			"integrity": "sha512-tQtKA9WIAhBF3+VLAseyMqZeBjW0AHJoxOtYqSUZNJxauErmLbVm2FW1y+J/YA9dUrAC39ITejlZWhVIwawkKw==",
			"dev": true,
			"requires": {
				"core-util-is": "~1.0.0",
				"inherits": "~2.0.3",
				"isarray": "~1.0.0",
				"process-nextick-args": "~2.0.0",
				"safe-buffer": "~5.1.1",
				"string_decoder": "~1.1.1",
				"util-deprecate": "~1.0.1"
			}
		},
		"regenerator-runtime": {
			"version": "0.11.1",
			"resolved": "https://registry.npmjs.org/regenerator-runtime/-/regenerator-runtime-0.11.1.tgz",
			"integrity": "sha512-MguG95oij0fC3QV3URf4V2SDYGJhJnJGqvIIgdECeODCT98wSWDAJ94SSuVpYQUoTcGUIL6L4yNB7j1DFFHSBg=="
		},
		"requizzle": {
			"version": "0.2.1",
			"resolved": "https://registry.npmjs.org/requizzle/-/requizzle-0.2.1.tgz",
			"integrity": "sha1-aUPDUwxNmn5G8c3dUcFY/GcM294=",
			"dev": true,
			"requires": {
				"underscore": "~1.6.0"
			},
			"dependencies": {
				"underscore": {
					"version": "1.6.0",
					"resolved": "https://registry.npmjs.org/underscore/-/underscore-1.6.0.tgz",
					"integrity": "sha1-izixDKze9jM3uLJOT/htRa6lKag=",
					"dev": true
				}
			}
		},
		"rxn-parser": {
			"version": "0.1.0",
			"resolved": "https://registry.npmjs.org/rxn-parser/-/rxn-parser-0.1.0.tgz",
			"integrity": "sha512-BsrfEJ2j1CgO2p2/lX6c30WTeQqE/LhOh6nZ/s4Io/tuJB7XKI8XmDlHnPBGprsXMfIHKrv2kV++vhWvmDL/nw==",
			"dev": true
		},
		"safe-buffer": {
			"version": "5.1.2",
			"resolved": "https://registry.npmjs.org/safe-buffer/-/safe-buffer-5.1.2.tgz",
			"integrity": "sha512-Gd2UZBJDkXlY7GbJxfsE8/nvKkUEU1G38c1siN6QP6a9PT9MmHB8GnpscSmMJSoF8LOIrt8ud/wPtojys4G6+g==",
			"dev": true
		},
		"sax": {
			"version": "1.2.4",
			"resolved": "https://registry.npmjs.org/sax/-/sax-1.2.4.tgz",
			"integrity": "sha512-NqVDv9TpANUjFm0N8uM5GxL36UgKi9/atZw+x7YFnQ8ckwFGKrl4xX4yWtrey3UJm5nP1kUbnYgLopqWNSRhWw==",
			"dev": true
		},
		"sdf-parser": {
			"version": "3.1.0",
			"resolved": "https://registry.npmjs.org/sdf-parser/-/sdf-parser-3.1.0.tgz",
			"integrity": "sha512-UC3b/oNoRGM9+wLhtbr9ZVFO4Q/tafABZL2wcoD53YIM5NL86XKNvaypkjUl9J08Lni1eUN6Ilz61+voqicMAg==",
			"dev": true,
			"requires": {
				"multipipe": "^2.0.1",
				"split2": "^2.2.0",
				"through2": "^2.0.3",
				"through2-filter": "^2.0.0"
			}
		},
		"seedrandom": {
			"version": "2.4.4",
			"resolved": "https://registry.npmjs.org/seedrandom/-/seedrandom-2.4.4.tgz",
			"integrity": "sha512-9A+PDmgm+2du77B5i0Ip2cxOqqHjgNxnBgglxLcX78A2D6c2rTo61z4jnVABpF4cKeDMDG+cmXXvdnqse2VqMA=="
		},
		"setimmediate": {
			"version": "1.0.5",
			"resolved": "https://registry.npmjs.org/setimmediate/-/setimmediate-1.0.5.tgz",
			"integrity": "sha1-KQy7Iy4waULX1+qbg3Mqt4VvgoU=",
			"dev": true
		},
		"should": {
			"version": "13.2.3",
			"resolved": "https://registry.npmjs.org/should/-/should-13.2.3.tgz",
			"integrity": "sha512-ggLesLtu2xp+ZxI+ysJTmNjh2U0TsC+rQ/pfED9bUZZ4DKefP27D+7YJVVTvKsmjLpIi9jAa7itwDGkDDmt1GQ==",
			"dev": true,
			"requires": {
				"should-equal": "^2.0.0",
				"should-format": "^3.0.3",
				"should-type": "^1.4.0",
				"should-type-adaptors": "^1.0.1",
				"should-util": "^1.0.0"
			}
		},
		"should-equal": {
			"version": "2.0.0",
			"resolved": "https://registry.npmjs.org/should-equal/-/should-equal-2.0.0.tgz",
			"integrity": "sha512-ZP36TMrK9euEuWQYBig9W55WPC7uo37qzAEmbjHz4gfyuXrEUgF8cUvQVO+w+d3OMfPvSRQJ22lSm8MQJ43LTA==",
			"dev": true,
			"requires": {
				"should-type": "^1.4.0"
			}
		},
		"should-format": {
			"version": "3.0.3",
			"resolved": "https://registry.npmjs.org/should-format/-/should-format-3.0.3.tgz",
			"integrity": "sha1-m/yPdPo5IFxT04w01xcwPidxJPE=",
			"dev": true,
			"requires": {
				"should-type": "^1.3.0",
				"should-type-adaptors": "^1.0.1"
			}
		},
		"should-type": {
			"version": "1.4.0",
			"resolved": "https://registry.npmjs.org/should-type/-/should-type-1.4.0.tgz",
			"integrity": "sha1-B1bYzoRt/QmEOmlHcZ36DUz/XPM=",
			"dev": true
		},
		"should-type-adaptors": {
			"version": "1.1.0",
			"resolved": "https://registry.npmjs.org/should-type-adaptors/-/should-type-adaptors-1.1.0.tgz",
			"integrity": "sha512-JA4hdoLnN+kebEp2Vs8eBe9g7uy0zbRo+RMcU0EsNy+R+k049Ki+N5tT5Jagst2g7EAja+euFuoXFCa8vIklfA==",
			"dev": true,
			"requires": {
				"should-type": "^1.3.0",
				"should-util": "^1.0.0"
			}
		},
		"should-util": {
			"version": "1.0.0",
			"resolved": "https://registry.npmjs.org/should-util/-/should-util-1.0.0.tgz",
			"integrity": "sha1-yYzaN0qmsZDfi6h8mInCtNtiAGM=",
			"dev": true
		},
		"spectra-data-ranges": {
			"version": "1.1.7",
			"resolved": "https://registry.npmjs.org/spectra-data-ranges/-/spectra-data-ranges-1.1.7.tgz",
			"integrity": "sha512-hu1tlj23zQOAoxuy355QiooNJ6sIIRoumRvA2n6q4zXTe1ndMlCZzO4Qs8oSerNvC8VejfUthnQ0arD5sp744w==",
			"requires": {
				"lodash.round": "^4.0.4",
				"ml-stat": "^1.3.0"
			}
		},
		"spectra-nmr-utilities": {
			"version": "1.0.7",
			"resolved": "https://registry.npmjs.org/spectra-nmr-utilities/-/spectra-nmr-utilities-1.0.7.tgz",
			"integrity": "sha512-XbtaWN8O5fob3lNODDUfKV+9woYABTuJgzm6lTFcBnEjfQ3gFWVsOWf3tRhynd6SiG1/TGvFpDOydKTEAs3Gpg=="
		},
		"spectrum-generator": {
			"version": "2.0.1",
			"resolved": "https://registry.npmjs.org/spectrum-generator/-/spectrum-generator-2.0.1.tgz",
			"integrity": "sha512-toEapNXmyP6MdK8qISVNpfteTP1d8rxnbXoYhV/SJt0lM3XEDN5HIrbhtMAIl8R2eGcu2e6/BSDTSEJ8DtqsSQ==",
			"requires": {
				"debug": "^3.1.0",
				"random": "^2.0.12",
				"seedrandom": "^2.4.3"
			}
		},
		"split2": {
			"version": "2.2.0",
			"resolved": "https://registry.npmjs.org/split2/-/split2-2.2.0.tgz",
			"integrity": "sha512-RAb22TG39LhI31MbreBgIuKiIKhVsawfTgEGqKHTK87aG+ul/PB8Sqoi3I7kVdRWiCfrKxK3uo4/YUkpNvhPbw==",
			"dev": true,
			"requires": {
				"through2": "^2.0.2"
			}
		},
		"string_decoder": {
			"version": "1.1.1",
			"resolved": "https://registry.npmjs.org/string_decoder/-/string_decoder-1.1.1.tgz",
			"integrity": "sha512-n/ShnvDi6FHbbVfviro+WojiFzv+s8MPMHBczVePfUpDJLwoLT0ht1l4YwBCbi8pJAveEEdnkHyPyTP/mzRfwg==",
			"dev": true,
			"requires": {
				"safe-buffer": "~5.1.0"
			}
		},
		"strip-json-comments": {
			"version": "2.0.1",
			"resolved": "https://registry.npmjs.org/strip-json-comments/-/strip-json-comments-2.0.1.tgz",
			"integrity": "sha1-PFMZQukIwml8DsNEhYwobHygpgo=",
			"dev": true
		},
		"superagent": {
			"version": "3.8.3",
			"resolved": "https://registry.npmjs.org/superagent/-/superagent-3.8.3.tgz",
			"integrity": "sha512-GLQtLMCoEIK4eDv6OGtkOoSMt3D+oq0y3dsxMuYuDvaNUvuT8eFBuLmfR0iYYzHC1e8hpzC6ZsxbuP6DIalMFA==",
			"dev": true,
			"requires": {
				"component-emitter": "^1.2.0",
				"cookiejar": "^2.1.0",
				"debug": "^3.1.0",
				"extend": "^3.0.0",
				"form-data": "^2.3.1",
				"formidable": "^1.2.0",
				"methods": "^1.1.1",
				"mime": "^1.4.1",
				"qs": "^6.5.1",
				"readable-stream": "^2.3.5"
			}
		},
		"taffydb": {
			"version": "2.6.2",
			"resolved": "https://registry.npmjs.org/taffydb/-/taffydb-2.6.2.tgz",
			"integrity": "sha1-fLy2S1oUG2ou/CxdLGe04VCyomg=",
			"dev": true
		},
		"through2": {
			"version": "2.0.5",
			"resolved": "https://registry.npmjs.org/through2/-/through2-2.0.5.tgz",
			"integrity": "sha512-/mrRod8xqpA+IHSLyGCQ2s8SPHiCDEeQJSep1jqLYeEUClOFG2Qsh+4FU6G9VeqpZnGW/Su8LQGc4YKni5rYSQ==",
			"dev": true,
			"requires": {
				"readable-stream": "~2.3.6",
				"xtend": "~4.0.1"
			}
		},
		"through2-filter": {
			"version": "2.0.0",
			"resolved": "https://registry.npmjs.org/through2-filter/-/through2-filter-2.0.0.tgz",
			"integrity": "sha1-YLxVoNrLdghdsfna6Zq0P4PWIuw=",
			"dev": true,
			"requires": {
				"through2": "~2.0.0",
				"xtend": "~4.0.0"
			}
		},
		"underscore": {
			"version": "1.8.3",
			"resolved": "https://registry.npmjs.org/underscore/-/underscore-1.8.3.tgz",
			"integrity": "sha1-Tz+1OxBuYJf8+ctBCfKl6b36UCI=",
			"dev": true
		},
		"underscore-contrib": {
			"version": "0.3.0",
			"resolved": "https://registry.npmjs.org/underscore-contrib/-/underscore-contrib-0.3.0.tgz",
			"integrity": "sha1-ZltmwkeD+PorGMn4y7Dix9SMJsc=",
			"dev": true,
			"requires": {
				"underscore": "1.6.0"
			},
			"dependencies": {
				"underscore": {
					"version": "1.6.0",
					"resolved": "https://registry.npmjs.org/underscore/-/underscore-1.6.0.tgz",
					"integrity": "sha1-izixDKze9jM3uLJOT/htRa6lKag=",
					"dev": true
				}
			}
		},
		"util-deprecate": {
			"version": "1.0.2",
			"resolved": "https://registry.npmjs.org/util-deprecate/-/util-deprecate-1.0.2.tgz",
			"integrity": "sha1-RQ1Nyfpw3nMnYvvS1KKJgUGaDM8=",
			"dev": true
		},
		"xml2js": {
			"version": "0.4.19",
			"resolved": "https://registry.npmjs.org/xml2js/-/xml2js-0.4.19.tgz",
			"integrity": "sha512-esZnJZJOiJR9wWKMyuvSE1y6Dq5LCuJanqhxslH2bxM6duahNZ+HMpCLhBQGZkbX6xRf8x1Y2eJlgt2q3qo49Q==",
			"dev": true,
			"requires": {
				"sax": ">=0.6.0",
				"xmlbuilder": "~9.0.1"
			}
		},
		"xmlbuilder": {
			"version": "9.0.7",
			"resolved": "https://registry.npmjs.org/xmlbuilder/-/xmlbuilder-9.0.7.tgz",
			"integrity": "sha1-Ey7mPS7FVlxVfiD0wi35rKaGsQ0=",
			"dev": true
		},
		"xmlcreate": {
			"version": "1.0.2",
			"resolved": "https://registry.npmjs.org/xmlcreate/-/xmlcreate-1.0.2.tgz",
			"integrity": "sha1-+mv3YqYKQT+z3Y9LA8WyaSONMI8=",
			"dev": true
		},
		"xtend": {
			"version": "4.0.1",
			"resolved": "https://registry.npmjs.org/xtend/-/xtend-4.0.1.tgz",
			"integrity": "sha1-pcbVMr5lbiPbgg77lDofBJmNY68=",
			"dev": true
		},
		"xy-parser": {
			"version": "1.5.0",
			"resolved": "https://registry.npmjs.org/xy-parser/-/xy-parser-1.5.0.tgz",
			"integrity": "sha1-fRze5cskurjhskLqgzoZ3CBqquc=",
			"requires": {
				"ml-arrayxy-uniquex": "0.0.2"
			}
		}
	}
}
