# THIS IS AN AUTOGENERATED FILE. DO NOT EDIT THIS FILE DIRECTLY.
# yarn lockfile v1


brukerconverter@^1.0.1:
  version "1.0.1"
  resolved "https://registry.yarnpkg.com/brukerconverter/-/brukerconverter-1.0.1.tgz#c04b4a8ace2dd4f99dcc18a42145ce192f95058f"
  dependencies:
    iobuffer "^2.0.0"
    jcampconverter "^2.3.0"
    jszip "^2.5.0"

extend@3.0.0, extend@^3.0.0:
  version "3.0.0"
  resolved "https://registry.yarnpkg.com/extend/-/extend-3.0.0.tgz#5a474353b9f3353ddd8176dfd37b91c83a46f1d4"

iobuffer@^2.0.0:
  version "2.1.0"
  resolved "https://registry.yarnpkg.com/iobuffer/-/iobuffer-2.1.0.tgz#074882d24020a85db6a5042a0418ef9b6b2e616a"

jcampconverter@^2.3.0, jcampconverter@^2.4.5:
  version "2.7.0"
  resolved "https://registry.yarnpkg.com/jcampconverter/-/jcampconverter-2.7.0.tgz#4a2d809d2762b76ae7ee9e7e585c77b7e9977dcd"

jszip@^2.5.0:
  version "2.6.1"
  resolved "https://registry.yarnpkg.com/jszip/-/jszip-2.6.1.tgz#b88f3a7b2e67a2a048152982c7a3756d9c4828f0"
  dependencies:
    pako "~1.0.2"

median-quickselect@^1.0.1:
  version "1.0.1"
  resolved "https://registry.yarnpkg.com/median-quickselect/-/median-quickselect-1.0.1.tgz#de3408035a5b2f0438a39b99893faf3e7d6177f8"

ml-array-max@^1.0.1:
  version "1.0.1"
  resolved "https://registry.yarnpkg.com/ml-array-max/-/ml-array-max-1.0.1.tgz#bd6213b1e0fdccf0eebb9c9a677c2d2405a92181"

ml-array-median@^1.0.0:
  version "1.0.0"
  resolved "https://registry.yarnpkg.com/ml-array-median/-/ml-array-median-1.0.0.tgz#d500e27d2f82d5ca65e59b62654a6e08a03567af"
  dependencies:
    median-quickselect "^1.0.1"

ml-array-min@^1.0.1:
  version "1.0.1"
  resolved "https://registry.yarnpkg.com/ml-array-min/-/ml-array-min-1.0.1.tgz#544b71ee0b2f38e6093e6a5964af8a6daff22f28"

ml-array-rescale@^1.1.0:
  version "1.1.0"
  resolved "https://registry.yarnpkg.com/ml-array-rescale/-/ml-array-rescale-1.1.0.tgz#e5a6aaff247865d1e1c8acfb8ef630fe5df1e3a2"
  dependencies:
    ml-array-max "^1.0.1"
    ml-array-min "^1.0.1"

ml-array-utils@^0.3.0:
  version "0.3.0"
  resolved "https://registry.yarnpkg.com/ml-array-utils/-/ml-array-utils-0.3.0.tgz#c0cc5afdc1cb051f5a83b1ce71641c243672f649"
  dependencies:
    ml-stat "^1.0.1"

ml-arrayxy-uniquex@0.0.2:
  version "0.0.2"
  resolved "https://registry.yarnpkg.com/ml-arrayxy-uniquex/-/ml-arrayxy-uniquex-0.0.2.tgz#711011a0a29e6b3fe76718cb33c302d062ea3c5f"

ml-curve-fitting@0.0.6:
  version "0.0.6"
  resolved "https://registry.yarnpkg.com/ml-curve-fitting/-/ml-curve-fitting-0.0.6.tgz#8844ff810cbcc76bdc20a86c5bcd2e10d9d79531"
  dependencies:
    ml-matrix "0.1.0"

ml-curve-fitting@^0.0.7:
  version "0.0.7"
  resolved "https://registry.yarnpkg.com/ml-curve-fitting/-/ml-curve-fitting-0.0.7.tgz#1722b03f8c14c03f51c93d248a340cff2df73b2b"
  dependencies:
    ml-matrix "^2.0.0"

ml-disjoint-set@^1.0.0:
  version "1.0.0"
  resolved "https://registry.yarnpkg.com/ml-disjoint-set/-/ml-disjoint-set-1.0.0.tgz#6cd8e583eef5a02585348b98d0df21fd83ef6082"

ml-fft@1.3.4:
  version "1.3.4"
  resolved "https://registry.yarnpkg.com/ml-fft/-/ml-fft-1.3.4.tgz#8df71fdd6415d1d58b82dbc0a60835ebeeacb8b9"

ml-fft@^1.3.5:
  version "1.3.5"
  resolved "https://registry.yarnpkg.com/ml-fft/-/ml-fft-1.3.5.tgz#effc1f3c5d0b803a0b39738feb3dacd27c145010"

ml-gsd@^2.0.1:
  version "2.0.1"
  resolved "https://registry.yarnpkg.com/ml-gsd/-/ml-gsd-2.0.1.tgz#322fa970e28dc83957e4c25b6116658b80904522"
  dependencies:
    extend "3.0.0"
    ml-optimize-lorentzian "0.1.1"
    ml-savitzky-golay-generalized "1.1.0"
    xy-parser "^1.2.0"

ml-matrix-convolution@0.2.0:
  version "0.2.0"
  resolved "https://registry.yarnpkg.com/ml-matrix-convolution/-/ml-matrix-convolution-0.2.0.tgz#8599966228ac4b84c61d004178517559d68d49cd"
  dependencies:
    ml-fft "1.3.4"
    ml-stat "^1.2.0"

ml-matrix-peaks-finder@^0.2.1:
  version "0.2.1"
  resolved "https://registry.yarnpkg.com/ml-matrix-peaks-finder/-/ml-matrix-peaks-finder-0.2.1.tgz#c2accfbf0a0d3bc1f2b97f2b1003ad2988cc56cd"
  dependencies:
    ml-disjoint-set "^1.0.0"
    ml-matrix-convolution "0.2.0"
    ml-stat "^1.3.0"

ml-matrix@0.1.0, ml-matrix@^0.1.0:
  version "0.1.0"
  resolved "https://registry.yarnpkg.com/ml-matrix/-/ml-matrix-0.1.0.tgz#4ee2d6c28c7d9b27c5b1d8779af95825b6c81e23"

ml-matrix@^2.0.0:
  version "2.3.0"
  resolved "https://registry.yarnpkg.com/ml-matrix/-/ml-matrix-2.3.0.tgz#df4601670a6735068ee9a6dbf23c094c1d3ece29"
  dependencies:
    ml-array-utils "^0.3.0"

ml-optimize-lorentzian@0.1.1:
  version "0.1.1"
  resolved "https://registry.yarnpkg.com/ml-optimize-lorentzian/-/ml-optimize-lorentzian-0.1.1.tgz#dccea7e4801e5aad4c12f57f0a2d0a5fde38b30e"
  dependencies:
    ml-curve-fitting "0.0.6"
    ml-matrix "^0.1.0"

ml-savitzky-golay-generalized@1.1.0:
  version "1.1.0"
  resolved "https://registry.yarnpkg.com/ml-savitzky-golay-generalized/-/ml-savitzky-golay-generalized-1.1.0.tgz#86df10eb8916ec6111e0964d2f2b78276defcee3"
  dependencies:
    extend "^3.0.0"
    ml-stat "1.1.0"

ml-simple-clustering@^0.1.0:
  version "0.1.0"
  resolved "https://registry.yarnpkg.com/ml-simple-clustering/-/ml-simple-clustering-0.1.0.tgz#11b600810b4d264bdd602a9408d31e7fb1307cd5"

ml-stat@1.1.0:
  version "1.1.0"
  resolved "https://registry.yarnpkg.com/ml-stat/-/ml-stat-1.1.0.tgz#a00c96e344dab4aba456a836fb4344147e97b5f6"

ml-stat@^1.0.1, ml-stat@^1.2.0, ml-stat@^1.3.0:
  version "1.3.3"
  resolved "https://registry.yarnpkg.com/ml-stat/-/ml-stat-1.3.3.tgz#8a5493b0f67382fbf705c260e070436655a7dcfa"

pako@~1.0.2:
  version "1.0.5"
  resolved "https://registry.yarnpkg.com/pako/-/pako-1.0.5.tgz#d2205dfe5b9da8af797e7c163db4d1f84e4600bc"

xy-parser@^1.2.0:
  version "1.5.0"
  resolved "https://registry.yarnpkg.com/xy-parser/-/xy-parser-1.5.0.tgz#7d1cdee5cb24bab8e1b242ea833a19dc206aaae7"
  dependencies:
    ml-arrayxy-uniquex "0.0.2"
