{
	"name": "nmr-learning",
	"version": "1.0.8",
	"lockfileVersion": 1,
	"requires": true,
	"dependencies": {
		"asynckit": {
			"version": "0.4.0",
			"resolved": "https://registry.npmjs.org/asynckit/-/asynckit-0.4.0.tgz",
			"integrity": "sha1-x57Zf380y48robyXkLzDZkdLS3k="
		},
		"babylon": {
			"version": "7.0.0-beta.19",
			"resolved": "https://registry.npmjs.org/babylon/-/babylon-7.0.0-beta.19.tgz",
			"integrity": "sha512-Vg0C9s/REX6/WIXN37UKpv5ZhRi6A4pjHlpkE34+8/a6c2W1Q692n3hmc+SZG5lKRnaExLUbxtJ1SVT+KaCQ/A=="
		},
		"binary-search": {
			"version": "1.3.2",
			"resolved": "https://registry.npmjs.org/binary-search/-/binary-search-1.3.2.tgz",
			"integrity": "sha1-iMm3vStyIdNS2njsiH9a8lSeTeI="
		},
		"bindings": {
			"version": "1.3.0",
			"resolved": "https://registry.npmjs.org/bindings/-/bindings-1.3.0.tgz",
			"integrity": "sha512-DpLh5EzMR2kzvX1KIlVC0VkC3iZtHKTgdtZ0a3pglBZdaQFjt5S9g9xd1lE+YvXyfd6mtCeRnrUfOLYiTMlNSw=="
		},
		"bluebird": {
			"version": "3.5.1",
			"resolved": "https://registry.npmjs.org/bluebird/-/bluebird-3.5.1.tgz",
			"integrity": "sha512-MKiLiV+I1AA596t9w1sQJ8jkiSr5+ZKi0WKrYGUn6d1Fx+Ij4tIj+m2WMQSGczs5jZVxV339chE8iwk6F64wjA=="
		},
		"brukerconverter": {
			"version": "1.0.1",
			"resolved": "https://registry.npmjs.org/brukerconverter/-/brukerconverter-1.0.1.tgz",
			"integrity": "sha1-wEtKis4t1PmdzBikIUXOGS+VBY8=",
			"requires": {
				"iobuffer": "2.1.0",
				"jcampconverter": "2.9.2",
				"jszip": "2.6.1"
			}
		},
		"catharsis": {
			"version": "0.8.9",
			"resolved": "https://registry.npmjs.org/catharsis/-/catharsis-0.8.9.tgz",
			"integrity": "sha1-mMyJDKZS3S7w5ws3klMQ/56Q/Is=",
			"requires": {
				"underscore-contrib": "0.3.0"
			}
		},
		"combined-stream": {
			"version": "1.0.5",
			"resolved": "https://registry.npmjs.org/combined-stream/-/combined-stream-1.0.5.tgz",
			"integrity": "sha1-k4NwpXtKUd6ix3wV1cX9+JUWQAk=",
			"requires": {
				"delayed-stream": "1.0.0"
			}
		},
		"component-emitter": {
			"version": "1.2.1",
			"resolved": "https://registry.npmjs.org/component-emitter/-/component-emitter-1.2.1.tgz",
			"integrity": "sha1-E3kY1teCg/ffemt8WmPhQOaUJeY="
		},
		"cookiejar": {
			"version": "2.1.1",
			"resolved": "https://registry.npmjs.org/cookiejar/-/cookiejar-2.1.1.tgz",
			"integrity": "sha1-Qa1XsbVVlR7BcUEqgZQrHoIA00o="
		},
		"core-util-is": {
			"version": "1.0.2",
			"resolved": "https://registry.npmjs.org/core-util-is/-/core-util-is-1.0.2.tgz",
			"integrity": "sha1-tf1UIgqivFq1eqtxQMlAdUUDwac="
		},
		"debug": {
			"version": "3.1.0",
			"resolved": "https://registry.npmjs.org/debug/-/debug-3.1.0.tgz",
			"integrity": "sha1-W7WgZyYotkFJVmuhaBnmFRjGcmE=",
			"requires": {
				"ms": "2.0.0"
			}
		},
		"delayed-stream": {
			"version": "1.0.0",
			"resolved": "https://registry.npmjs.org/delayed-stream/-/delayed-stream-1.0.0.tgz",
			"integrity": "sha1-3zrhmayt+31ECqrgsp4icrJOxhk="
		},
		"escape-string-regexp": {
			"version": "1.0.5",
			"resolved": "https://registry.npmjs.org/escape-string-regexp/-/escape-string-regexp-1.0.5.tgz",
			"integrity": "sha1-G2HAViGQqN/2rjuyzwIAyhMLhtQ="
		},
		"extend": {
			"version": "3.0.1",
			"resolved": "https://registry.npmjs.org/extend/-/extend-3.0.1.tgz",
			"integrity": "sha1-p1Xqe8Gt/MWjHOfnYtuq3F5jZEQ="
		},
		"form-data": {
			"version": "2.3.1",
			"resolved": "https://registry.npmjs.org/form-data/-/form-data-2.3.1.tgz",
			"integrity": "sha1-b7lPvXGIUwbXPRXMSX/kzE7NRL8=",
			"requires": {
				"asynckit": "0.4.0",
				"combined-stream": "1.0.5",
				"mime-types": "2.1.17"
			}
		},
		"formidable": {
			"version": "1.1.1",
			"resolved": "https://registry.npmjs.org/formidable/-/formidable-1.1.1.tgz",
			"integrity": "sha1-lriIb3w8NQi5Mta9cMTTqI818ak="
		},
		"graceful-fs": {
			"version": "4.1.11",
			"resolved": "https://registry.npmjs.org/graceful-fs/-/graceful-fs-4.1.11.tgz",
			"integrity": "sha1-Dovf5NHduIVNZOBOp8AOKgJuVlg="
		},
		"heap": {
			"version": "0.2.6",
			"resolved": "https://registry.npmjs.org/heap/-/heap-0.2.6.tgz",
			"integrity": "sha1-CH4fELBGky/IWU3Z5tN4r8nR5aw="
		},
		"inherits": {
			"version": "2.0.3",
			"resolved": "https://registry.npmjs.org/inherits/-/inherits-2.0.3.tgz",
			"integrity": "sha1-Yzwsg+PaQqUC9SRmAiSA9CCCYd4="
		},
		"iobuffer": {
			"version": "2.1.0",
			"resolved": "https://registry.npmjs.org/iobuffer/-/iobuffer-2.1.0.tgz",
			"integrity": "sha1-B0iC0kAgqF22pQQqBBjvm2suYWo="
		},
		"isarray": {
			"version": "1.0.0",
			"resolved": "https://registry.npmjs.org/isarray/-/isarray-1.0.0.tgz",
			"integrity": "sha1-u5NdSFgsuhaMBoNJV6VKPgcSTxE="
		},
		"jcampconverter": {
			"version": "2.9.2",
			"resolved": "https://registry.npmjs.org/jcampconverter/-/jcampconverter-2.9.2.tgz",
			"integrity": "sha512-iyzJsA6aR7j0GeydMmvy20DeHT0WkzEMf37BE26fyjMNxAsohIjCPxzdzJ4tzNKoySfrco/HejGbQb+3ITFOCQ=="
		},
		"js2xmlparser": {
			"version": "3.0.0",
			"resolved": "https://registry.npmjs.org/js2xmlparser/-/js2xmlparser-3.0.0.tgz",
			"integrity": "sha1-P7YOqgicVED5MZ9RdgzNB+JJlzM=",
			"requires": {
				"xmlcreate": "1.0.2"
			}
		},
		"jsdoc": {
			"version": "3.5.5",
			"resolved": "https://registry.npmjs.org/jsdoc/-/jsdoc-3.5.5.tgz",
			"integrity": "sha512-6PxB65TAU4WO0Wzyr/4/YhlGovXl0EVYfpKbpSroSj0qBxT4/xod/l40Opkm38dRHRdQgdeY836M0uVnJQG7kg==",
			"requires": {
				"babylon": "7.0.0-beta.19",
				"bluebird": "3.5.1",
				"catharsis": "0.8.9",
				"escape-string-regexp": "1.0.5",
				"js2xmlparser": "3.0.0",
				"klaw": "2.0.0",
				"marked": "0.3.12",
				"mkdirp": "0.5.1",
				"requizzle": "0.2.1",
				"strip-json-comments": "2.0.1",
				"taffydb": "2.6.2",
				"underscore": "1.8.3"
			}
		},
		"jszip": {
			"version": "2.6.1",
			"resolved": "https://registry.npmjs.org/jszip/-/jszip-2.6.1.tgz",
			"integrity": "sha1-uI86ey5noqBIFSmCx6N1bZxIKPA=",
			"requires": {
				"pako": "1.0.6"
			}
		},
		"klaw": {
			"version": "2.0.0",
			"resolved": "https://registry.npmjs.org/klaw/-/klaw-2.0.0.tgz",
			"integrity": "sha1-WcEo4Nxc5BAgEVEZTuucv4WGUPY=",
			"requires": {
				"graceful-fs": "4.1.11"
			}
		},
		"lodash.round": {
			"version": "4.0.4",
			"resolved": "https://registry.npmjs.org/lodash.round/-/lodash.round-4.0.4.tgz",
			"integrity": "sha1-EBtrpcbOzJmPKrvoC2Apr/0l0mI="
		},
		"marked": {
			"version": "0.3.12",
			"resolved": "https://registry.npmjs.org/marked/-/marked-0.3.12.tgz",
			"integrity": "sha512-k4NaW+vS7ytQn6MgJn3fYpQt20/mOgYM5Ft9BYMfQJDz2QT6yEeS9XJ8k2Nw8JTeWK/znPPW2n3UJGzyYEiMoA=="
		},
		"median-quickselect": {
			"version": "1.0.1",
			"resolved": "https://registry.npmjs.org/median-quickselect/-/median-quickselect-1.0.1.tgz",
			"integrity": "sha1-3jQIA1pbLwQ4o5uZiT+vPn1hd/g="
		},
		"methods": {
			"version": "1.1.2",
			"resolved": "https://registry.npmjs.org/methods/-/methods-1.1.2.tgz",
			"integrity": "sha1-VSmk1nZUE07cxSZmVoNbD4Ua/O4="
		},
		"mime": {
			"version": "1.6.0",
			"resolved": "https://registry.npmjs.org/mime/-/mime-1.6.0.tgz",
			"integrity": "sha1-Ms2eXGRVO9WNGaVor0Uqz/BJgbE="
		},
		"mime-db": {
			"version": "1.30.0",
			"resolved": "https://registry.npmjs.org/mime-db/-/mime-db-1.30.0.tgz",
			"integrity": "sha1-dMZD2i3Z1qRTmZY0ZbJtXKfXHwE="
		},
		"mime-types": {
			"version": "2.1.17",
			"resolved": "https://registry.npmjs.org/mime-types/-/mime-types-2.1.17.tgz",
			"integrity": "sha1-Cdejk/A+mVp5+K+Fe3Cp4KsWVXo=",
			"requires": {
				"mime-db": "1.30.0"
			}
		},
		"minimist": {
			"version": "0.0.8",
			"resolved": "https://registry.npmjs.org/minimist/-/minimist-0.0.8.tgz",
			"integrity": "sha1-hX/Kv8M5fSYluCKCYuhqp6ARsF0="
		},
		"mkdirp": {
			"version": "0.5.1",
			"resolved": "https://registry.npmjs.org/mkdirp/-/mkdirp-0.5.1.tgz",
			"integrity": "sha1-MAV0OOrGz3+MR2fzhkjWaX11yQM=",
			"requires": {
				"minimist": "0.0.8"
			}
		},
		"ml-array-max": {
			"version": "1.0.1",
			"resolved": "https://registry.npmjs.org/ml-array-max/-/ml-array-max-1.0.1.tgz",
			"integrity": "sha512-6wdNU+pLrODrGvqP2Yu2kQTJEayzR4vBzrc1JPwO5+j8cgxLCKA5YLEorbnJm85Dn+bLSkpzNkm9CeIxyNTKvw=="
		},
		"ml-array-median": {
			"version": "1.0.1",
			"resolved": "https://registry.npmjs.org/ml-array-median/-/ml-array-median-1.0.1.tgz",
			"integrity": "sha512-uZOkfoSngNKF56HrO1gHsjqHOO9jmSyy+l8d/IAXL/yStWZXpPcUc5dFJv2Z82b3/+MFK7coO/t5nWkLFLccEA==",
			"requires": {
				"median-quickselect": "1.0.1"
			}
		},
		"ml-array-min": {
			"version": "1.0.1",
			"resolved": "https://registry.npmjs.org/ml-array-min/-/ml-array-min-1.0.1.tgz",
			"integrity": "sha512-lMUTSRub73HhWhPuuSYQY8K+ECpQO/ckoYdVWNlWqVYCUhmzQe+pzl5YrQqrHWHKuYmCwYu1cEGC8z3+j9XB7w=="
		},
		"ml-array-rescale": {
			"version": "1.1.0",
			"resolved": "https://registry.npmjs.org/ml-array-rescale/-/ml-array-rescale-1.1.0.tgz",
			"integrity": "sha512-pBUZV5klWv/H0tgCnOFCIdny9WTCk9jUP/2JebS1otnh/PcRaH9csv4PLt8K4f2r7P++uPrRja0PJa2GQwehbg==",
			"requires": {
				"ml-array-max": "1.0.1",
				"ml-array-min": "1.0.1"
			}
		},
		"ml-array-utils": {
			"version": "0.3.0",
			"resolved": "https://registry.npmjs.org/ml-array-utils/-/ml-array-utils-0.3.0.tgz",
			"integrity": "sha1-wMxa/cHLBR9ag7HOcWQcJDZy9kk=",
			"requires": {
				"ml-stat": "1.3.3"
			}
		},
		"ml-arrayxy-uniquex": {
			"version": "0.0.2",
			"resolved": "https://registry.npmjs.org/ml-arrayxy-uniquex/-/ml-arrayxy-uniquex-0.0.2.tgz",
			"integrity": "sha1-cRARoKKeaz/nZxjLM8MC0GLqPF8="
		},
		"ml-curve-fitting": {
			"version": "0.0.7",
			"resolved": "https://registry.npmjs.org/ml-curve-fitting/-/ml-curve-fitting-0.0.7.tgz",
			"integrity": "sha1-FyKwP4wUwD9RyT0kijQM/y33Oys=",
			"requires": {
				"ml-matrix": "2.3.0"
			}
		},
		"ml-disjoint-set": {
			"version": "1.0.0",
			"resolved": "https://registry.npmjs.org/ml-disjoint-set/-/ml-disjoint-set-1.0.0.tgz",
			"integrity": "sha1-bNjlg+71oCWFNIuY0N8h/YPvYII="
		},
		"ml-distance-euclidean": {
			"version": "1.0.0",
			"resolved": "https://registry.npmjs.org/ml-distance-euclidean/-/ml-distance-euclidean-1.0.0.tgz",
			"integrity": "sha1-CER8IjNkGisqm0wp5feS0o8dW5U="
		},
		"ml-distance-matrix": {
			"version": "1.0.0",
			"resolved": "https://registry.npmjs.org/ml-distance-matrix/-/ml-distance-matrix-1.0.0.tgz",
			"integrity": "sha1-HR6kcSsHDDVAe6Zmuoo4vDQs5+s="
		},
		"ml-fft": {
			"version": "1.3.5",
			"resolved": "https://registry.npmjs.org/ml-fft/-/ml-fft-1.3.5.tgz",
			"integrity": "sha1-7/wfPF0LgDoLOXOP6z2s0nwUUBA="
		},
		"ml-floyd-warshall": {
			"version": "1.0.0",
			"resolved": "https://registry.npmjs.org/ml-floyd-warshall/-/ml-floyd-warshall-1.0.0.tgz",
			"integrity": "sha1-Da5zVGh8/Y+D6FVRZ/wwpboicAk=",
			"dev": true,
			"requires": {
				"ml-matrix": "2.3.0"
			}
		},
		"ml-gsd": {
			"version": "2.0.1",
			"resolved": "https://registry.npmjs.org/ml-gsd/-/ml-gsd-2.0.1.tgz",
			"integrity": "sha1-Mi+pcOKNyDlX5MJbYRZli4CQRSI=",
			"requires": {
				"extend": "3.0.0",
				"ml-optimize-lorentzian": "0.1.1",
				"ml-savitzky-golay-generalized": "1.1.0",
				"xy-parser": "1.5.0"
			},
			"dependencies": {
				"extend": {
					"version": "3.0.0",
					"resolved": "https://registry.npmjs.org/extend/-/extend-3.0.0.tgz",
					"integrity": "sha1-WkdDU7nzNT3dgXbf03uRyDpG8dQ="
				}
			}
		},
		"ml-hash-table": {
			"version": "0.2.1",
			"resolved": "https://registry.npmjs.org/ml-hash-table/-/ml-hash-table-0.2.1.tgz",
			"integrity": "sha1-rSqgbC46LKanu6oPbdUKjqozPWs=",
			"requires": {
				"binary-search": "1.3.2",
				"new-array": "1.0.0",
				"num-sort": "1.0.0"
			},
			"dependencies": {
				"new-array": {
					"version": "1.0.0",
					"resolved": "https://registry.npmjs.org/new-array/-/new-array-1.0.0.tgz",
					"integrity": "sha1-XbxjnZYerH8an7wacUbsEvKST78="
				},
				"num-sort": {
					"version": "1.0.0",
					"resolved": "https://registry.npmjs.org/num-sort/-/num-sort-1.0.0.tgz",
					"integrity": "sha1-yr7B/V9NpKypla+Qt6DzeZROHb0=",
					"requires": {
						"number-is-nan": "1.0.1"
					}
				}
			}
		},
		"ml-hclust": {
			"version": "1.3.0",
			"resolved": "https://registry.npmjs.org/ml-hclust/-/ml-hclust-1.3.0.tgz",
			"integrity": "sha1-a+BbvSafZx5n/WbVSPRC6K3Vk00=",
			"requires": {
				"heap": "0.2.6",
				"ml-distance-euclidean": "1.0.0",
				"ml-distance-matrix": "1.0.0"
			}
		},
		"ml-matrix": {
			"version": "2.3.0",
			"resolved": "https://registry.npmjs.org/ml-matrix/-/ml-matrix-2.3.0.tgz",
			"integrity": "sha1-30YBZwpnNQaO6abb8jwJTB0+zik=",
			"requires": {
				"ml-array-utils": "0.3.0"
			}
		},
		"ml-matrix-convolution": {
			"version": "0.2.0",
			"resolved": "https://registry.npmjs.org/ml-matrix-convolution/-/ml-matrix-convolution-0.2.0.tgz",
			"integrity": "sha1-hZmWYiisS4TGHQBBeFF1WdaNSc0=",
			"requires": {
				"ml-fft": "1.3.4",
				"ml-stat": "1.3.3"
			},
			"dependencies": {
				"ml-fft": {
					"version": "1.3.4",
					"resolved": "https://registry.npmjs.org/ml-fft/-/ml-fft-1.3.4.tgz",
					"integrity": "sha1-jfcf3WQV0dWLgtvApgg16+6suLk="
				}
			}
		},
		"ml-matrix-peaks-finder": {
			"version": "0.2.1",
			"resolved": "https://registry.npmjs.org/ml-matrix-peaks-finder/-/ml-matrix-peaks-finder-0.2.1.tgz",
			"integrity": "sha1-wqzPvwoNO8HyuX8rEAOtKYjMVs0=",
			"requires": {
				"ml-disjoint-set": "1.0.0",
				"ml-matrix-convolution": "0.2.0",
				"ml-stat": "1.3.3"
			}
		},
		"ml-optimize-lorentzian": {
			"version": "0.1.1",
			"resolved": "https://registry.npmjs.org/ml-optimize-lorentzian/-/ml-optimize-lorentzian-0.1.1.tgz",
			"integrity": "sha1-3M6n5IAeWq1MEvV/Ci0KX944sw4=",
			"requires": {
				"ml-curve-fitting": "0.0.6",
				"ml-matrix": "0.1.0"
			},
			"dependencies": {
				"ml-curve-fitting": {
					"version": "0.0.6",
					"resolved": "https://registry.npmjs.org/ml-curve-fitting/-/ml-curve-fitting-0.0.6.tgz",
					"integrity": "sha1-iET/gQy8x2vcIKhsW80uENnXlTE=",
					"requires": {
						"ml-matrix": "0.1.0"
					}
				},
				"ml-matrix": {
					"version": "0.1.0",
					"resolved": "https://registry.npmjs.org/ml-matrix/-/ml-matrix-0.1.0.tgz",
					"integrity": "sha1-TuLWwox9myfFsdh3mvlYJbbIHiM="
				}
			}
		},
		"ml-savitzky-golay-generalized": {
			"version": "1.1.0",
			"resolved": "https://registry.npmjs.org/ml-savitzky-golay-generalized/-/ml-savitzky-golay-generalized-1.1.0.tgz",
			"integrity": "sha1-ht8Q64kW7GER4JZNLyt4J23vzuM=",
			"requires": {
				"extend": "3.0.1",
				"ml-stat": "1.1.0"
			},
			"dependencies": {
				"ml-stat": {
					"version": "1.1.0",
					"resolved": "https://registry.npmjs.org/ml-stat/-/ml-stat-1.1.0.tgz",
					"integrity": "sha1-oAyW40TatKukVqg2+0NEFH6XtfY="
				}
			}
		},
		"ml-simple-clustering": {
			"version": "0.1.0",
			"resolved": "https://registry.npmjs.org/ml-simple-clustering/-/ml-simple-clustering-0.1.0.tgz",
			"integrity": "sha1-EbYAgQtNJkvdYCqUCNMef7EwfNU="
		},
		"ml-sparse-matrix": {
			"version": "0.2.1",
			"resolved": "https://registry.npmjs.org/ml-sparse-matrix/-/ml-sparse-matrix-0.2.1.tgz",
			"integrity": "sha1-9X2Q5B3o/vK1QpkpXJMn4RwOSUI=",
			"requires": {
				"ml-hash-table": "0.2.1"
			}
		},
		"ml-stat": {
			"version": "1.3.3",
			"resolved": "https://registry.npmjs.org/ml-stat/-/ml-stat-1.3.3.tgz",
			"integrity": "sha1-ilSTsPZzgvv3BcJg4HBDZlWn3Po="
		},
		"ml-tree-set": {
			"version": "0.1.1",
			"resolved": "https://registry.npmjs.org/ml-tree-set/-/ml-tree-set-0.1.1.tgz",
			"integrity": "sha1-33mTVN3FsBaGv4pndpmSpTZGQ6s="
		},
		"ms": {
			"version": "2.0.0",
			"resolved": "https://registry.npmjs.org/ms/-/ms-2.0.0.tgz",
			"integrity": "sha1-VgiurfwAvmwpAd9fmGF4jeDVl8g="
		},
		"nan": {
			"version": "2.8.0",
			"resolved": "https://registry.npmjs.org/nan/-/nan-2.8.0.tgz",
			"integrity": "sha1-7XFfP+neArV6XmJS2QqWZ14fCFo="
		},
		"nmr-predictor": {
			"version": "1.1.5",
			"resolved": "https://registry.npmjs.org/nmr-predictor/-/nmr-predictor-1.1.5.tgz",
			"integrity": "sha512-bwaw73FVtvVbKdGU/gvzG1Ew4Y4XzraCd1Md3TYuc9N835eLt70VDTNPJsylWk64M76BZyYTQ1IxDHBiP4/Q4g==",
			"requires": {
				"new-array": "1.0.0",
				"num-sort": "1.0.0",
				"openchemlib-extended-minimal": "2.0.0",
				"spectra-nmr-utilities": "1.0.1",
				"superagent": "3.8.2"
			},
			"dependencies": {
				"new-array": {
					"version": "1.0.0",
					"resolved": "https://registry.npmjs.org/new-array/-/new-array-1.0.0.tgz",
					"integrity": "sha1-XbxjnZYerH8an7wacUbsEvKST78="
				},
				"num-sort": {
					"version": "1.0.0",
					"resolved": "https://registry.npmjs.org/num-sort/-/num-sort-1.0.0.tgz",
					"integrity": "sha1-yr7B/V9NpKypla+Qt6DzeZROHb0=",
					"requires": {
						"number-is-nan": "1.0.1"
					}
				}
			}
		},
		"nmr-predictor-dev": {
			"version": "1.1.6",
			"resolved": "https://registry.npmjs.org/nmr-predictor-dev/-/nmr-predictor-dev-1.1.6.tgz",
			"integrity": "sha1-mmDj9FLP+IgJ3kxgEbpir+TTSRQ=",
			"requires": {
				"new-array": "1.0.0",
				"num-sort": "1.0.0",
				"openchemlib-extended-minimal": "2.0.0",
				"spectra-nmr-utilities": "1.0.1",
				"superagent": "3.8.2"
			},
			"dependencies": {
				"new-array": {
					"version": "1.0.0",
					"resolved": "https://registry.npmjs.org/new-array/-/new-array-1.0.0.tgz",
					"integrity": "sha1-XbxjnZYerH8an7wacUbsEvKST78="
				},
				"num-sort": {
					"version": "1.0.0",
					"resolved": "https://registry.npmjs.org/num-sort/-/num-sort-1.0.0.tgz",
					"integrity": "sha1-yr7B/V9NpKypla+Qt6DzeZROHb0=",
					"requires": {
						"number-is-nan": "1.0.1"
					}
				},
				"superagent": {
					"version": "3.8.2",
					"resolved": "https://registry.npmjs.org/superagent/-/superagent-3.8.2.tgz",
					"integrity": "sha1-5KEbnQR/fT7+s7vlNtnsACHRZAM=",
					"requires": {
						"component-emitter": "1.2.1",
						"cookiejar": "2.1.1",
						"debug": "3.1.0",
						"extend": "3.0.1",
						"form-data": "2.3.1",
						"formidable": "1.1.1",
						"methods": "1.1.2",
						"mime": "1.6.0",
						"qs": "6.5.1",
						"readable-stream": "2.3.3"
					}
				}
			}
		},
		"nmr-simulation": {
			"version": "1.0.12",
			"resolved": "https://registry.npmjs.org/nmr-simulation/-/nmr-simulation-1.0.12.tgz",
			"integrity": "sha512-FdP6XCz0gnFiJgiD/Eu1Ov5eaAUEm2dW3T5M5nRVVCnPxl5NPYJFVnVl8A8VrXjPZm5SHjZY22S+yVEgdAPNvQ==",
			"requires": {
				"binary-search": "1.3.2",
				"ml-hclust": "1.3.0",
				"ml-matrix": "2.3.0",
				"ml-simple-clustering": "0.1.0",
				"ml-sparse-matrix": "0.2.1",
				"num-sort": "1.0.0"
			},
			"dependencies": {
				"num-sort": {
					"version": "1.0.0",
					"resolved": "https://registry.npmjs.org/num-sort/-/num-sort-1.0.0.tgz",
					"integrity": "sha1-yr7B/V9NpKypla+Qt6DzeZROHb0=",
					"requires": {
						"number-is-nan": "1.0.1"
					}
				}
			}
		},
		"number-is-nan": {
			"version": "1.0.1",
			"resolved": "https://registry.npmjs.org/number-is-nan/-/number-is-nan-1.0.1.tgz",
			"integrity": "sha1-CXtgK1NCKlIsGvuHkDGDNpQaAR0="
		},
		"openchemlib": {
			"version": "5.3.0",
			"resolved": "https://registry.npmjs.org/openchemlib/-/openchemlib-5.3.0.tgz",
			"integrity": "sha512-Y9vl66i6MlO+qhUCmkypz4u9JpBHLL87evNvE0ntA6zb0QKl8n+RSujzJfsF/fUjB07KlKyG0GcgJsA+hAsAoQ=="
		},
		"openchemlib-extended": {
			"version": "3.0.0",
			"resolved": "https://registry.npmjs.org/openchemlib-extended/-/openchemlib-extended-3.0.0.tgz",
			"integrity": "sha512-G5PDHBj4QigxhqeFPzEC3XNro+wnrFv6hok0FF5JHfveCYvrULu1FRCB6lWJMsn9hLPqUSYWUuMkJ8As2grB/Q==",
			"dev": true,
			"requires": {
				"ml-floyd-warshall": "1.0.0",
				"ml-matrix": "2.3.0",
				"openchemlib": "5.3.0",
				"papaparse": "4.3.6",
				"rxn-parser": "0.0.2",
				"sdf-parser": "1.0.0",
				"setimmediate": "1.0.5"
			}
		},
		"openchemlib-extended-minimal": {
			"version": "2.0.0",
			"resolved": "https://registry.npmjs.org/openchemlib-extended-minimal/-/openchemlib-extended-minimal-2.0.0.tgz",
			"integrity": "sha1-q5Qo6Lc8gholGHV/cvfgAFC6PU4=",
			"requires": {
				"openchemlib": "5.3.0"
			}
		},
		"pako": {
			"version": "1.0.6",
			"resolved": "https://registry.npmjs.org/pako/-/pako-1.0.6.tgz",
			"integrity": "sha512-lQe48YPsMJAig+yngZ87Lus+NF+3mtu7DVOBu6b/gHO1YpKwIj5AWjZ/TOS7i46HD/UixzWb1zeWDZfGZ3iYcg=="
		},
		"papaparse": {
			"version": "4.3.6",
			"resolved": "https://registry.npmjs.org/papaparse/-/papaparse-4.3.6.tgz",
			"integrity": "sha1-lWbtoOyrE6/LdApiOBxpn0hssUU=",
			"dev": true
		},
		"paralleljs": {
			"version": "0.2.1",
			"resolved": "https://registry.npmjs.org/paralleljs/-/paralleljs-0.2.1.tgz",
			"integrity": "sha1-68p0XT4JwB4r68wUhYiR/0UQ6SY="
		},
		"process-nextick-args": {
			"version": "1.0.7",
			"resolved": "https://registry.npmjs.org/process-nextick-args/-/process-nextick-args-1.0.7.tgz",
			"integrity": "sha1-FQ4gt1ZZCtP5EJPyWk8q2L/zC6M="
		},
		"qs": {
			"version": "6.5.1",
			"resolved": "https://registry.npmjs.org/qs/-/qs-6.5.1.tgz",
			"integrity": "sha1-NJzfbu+J7EXBLX1es/wMhwNDptg="
		},
		"readable-stream": {
			"version": "2.3.3",
			"resolved": "https://registry.npmjs.org/readable-stream/-/readable-stream-2.3.3.tgz",
			"integrity": "sha1-No8lEtefnUb9/HE0mueHi7weuVw=",
			"requires": {
				"core-util-is": "1.0.2",
				"inherits": "2.0.3",
				"isarray": "1.0.0",
				"process-nextick-args": "1.0.7",
				"safe-buffer": "5.1.1",
				"string_decoder": "1.0.3",
				"util-deprecate": "1.0.2"
			}
		},
		"requizzle": {
			"version": "0.2.1",
			"resolved": "https://registry.npmjs.org/requizzle/-/requizzle-0.2.1.tgz",
			"integrity": "sha1-aUPDUwxNmn5G8c3dUcFY/GcM294=",
			"requires": {
				"underscore": "1.6.0"
			},
			"dependencies": {
				"underscore": {
					"version": "1.6.0",
					"resolved": "https://registry.npmjs.org/underscore/-/underscore-1.6.0.tgz",
					"integrity": "sha1-izixDKze9jM3uLJOT/htRa6lKag="
				}
			}
		},
		"rxn-parser": {
			"version": "0.0.2",
			"resolved": "https://registry.npmjs.org/rxn-parser/-/rxn-parser-0.0.2.tgz",
			"integrity": "sha1-JkJGcaElogzTzT8Ux22Uaal3QP0=",
			"dev": true
		},
		"safe-buffer": {
			"version": "5.1.1",
			"resolved": "https://registry.npmjs.org/safe-buffer/-/safe-buffer-5.1.1.tgz",
			"integrity": "sha1-iTMSr2myEj3vcfV4iQAWce6yyFM="
		},
		"sdf-parser": {
			"version": "1.0.0",
			"resolved": "https://registry.npmjs.org/sdf-parser/-/sdf-parser-1.0.0.tgz",
			"integrity": "sha1-vYsBKPWZ6VJHBUsGQZg1eD9SKVw=",
			"dev": true
		},
		"setimmediate": {
			"version": "1.0.5",
			"resolved": "https://registry.npmjs.org/setimmediate/-/setimmediate-1.0.5.tgz",
			"integrity": "sha1-KQy7Iy4waULX1+qbg3Mqt4VvgoU=",
			"dev": true
		},
		"spectra-data": {
			"version": "3.3.2",
			"resolved": "https://registry.npmjs.org/spectra-data/-/spectra-data-3.3.2.tgz",
			"integrity": "sha512-e2A7ajGxRA4bK7deY2SaQAgvnubQ8Bz5gM3IHb/SwesEoZ1/OrEXStv8X4vvJgigAm1O9C9ORAq/KjwvIHM78w==",
			"requires": {
				"brukerconverter": "1.0.1",
				"jcampconverter": "2.9.2",
				"jsdoc": "3.5.5",
				"lodash.round": "4.0.4",
				"ml-array-max": "1.0.1",
				"ml-array-median": "1.0.1",
				"ml-array-min": "1.0.1",
				"ml-array-rescale": "1.1.0",
				"ml-array-utils": "0.4.0",
				"ml-curve-fitting": "0.0.7",
				"ml-fft": "1.3.5",
				"ml-gsd": "2.0.1",
				"ml-matrix-peaks-finder": "0.2.1",
				"ml-simple-clustering": "0.1.0",
				"nmr-simulation": "1.0.12",
				"spectra-data-ranges": "1.0.6",
				"spectra-nmr-utilities": "1.0.1"
			},
			"dependencies": {
				"ml-array-utils": {
					"version": "0.4.0",
					"resolved": "https://registry.npmjs.org/ml-array-utils/-/ml-array-utils-0.4.0.tgz",
					"integrity": "sha512-2OobMfnkfUNhDIqoIZ1QQA9a25aDijGqgu2jSrtsPR9/FAFSn2+lMni5514ru5rUFAGQGJSrEIPDAwVbPjWIjw==",
					"requires": {
						"ml-stat": "1.3.3"
					}
				}
			}
		},
		"spectra-data-ranges": {
			"version": "1.0.6",
			"resolved": "https://registry.npmjs.org/spectra-data-ranges/-/spectra-data-ranges-1.0.6.tgz",
			"integrity": "sha512-+xAcE2ZVIdtyMDRtnLvu8/ExlS/p4zBsyym1S0ABDWuY0CBova+HhPPd0uTCDV4hakoTvz71iceKh/A4AJ/fLw==",
			"requires": {
				"lodash.round": "4.0.4",
				"ml-stat": "1.3.3",
				"spectra-nmr-utilities": "1.0.1"
			}
		},
		"spectra-nmr-utilities": {
			"version": "1.0.1",
			"resolved": "https://registry.npmjs.org/spectra-nmr-utilities/-/spectra-nmr-utilities-1.0.1.tgz",
			"integrity": "sha512-tCQlHrQaLeM+3PsU7tXgxGFLSY3rlXZpPjv7aEzWb4a4xTsGmsj5P3u6IRp46U7WUUG6DZIzvlw/6g0KfaWzlA=="
		},
		"string_decoder": {
			"version": "1.0.3",
			"resolved": "https://registry.npmjs.org/string_decoder/-/string_decoder-1.0.3.tgz",
			"integrity": "sha1-D8Z9fBQYJd6UKC3VNr7GubzoYKs=",
			"requires": {
				"safe-buffer": "5.1.1"
			}
		},
		"strip-json-comments": {
			"version": "2.0.1",
			"resolved": "https://registry.npmjs.org/strip-json-comments/-/strip-json-comments-2.0.1.tgz",
			"integrity": "sha1-PFMZQukIwml8DsNEhYwobHygpgo="
		},
		"superagent": {
			"version": "3.8.2",
			"resolved": "https://registry.npmjs.org/superagent/-/superagent-3.8.2.tgz",
			"integrity": "sha512-gVH4QfYHcY3P0f/BZzavLreHW3T1v7hG9B+hpMQotGQqurOvhv87GcMCd6LWySmBuf+BDR44TQd0aISjVHLeNQ==",
			"requires": {
				"component-emitter": "1.2.1",
				"cookiejar": "2.1.1",
				"debug": "3.1.0",
				"extend": "3.0.1",
				"form-data": "2.3.1",
				"formidable": "1.1.1",
				"methods": "1.1.2",
				"mime": "1.6.0",
				"qs": "6.5.1",
				"readable-stream": "2.3.3"
			}
		},
		"taffydb": {
			"version": "2.6.2",
			"resolved": "https://registry.npmjs.org/taffydb/-/taffydb-2.6.2.tgz",
			"integrity": "sha1-fLy2S1oUG2ou/CxdLGe04VCyomg="
		},
		"underscore": {
			"version": "1.8.3",
			"resolved": "https://registry.npmjs.org/underscore/-/underscore-1.8.3.tgz",
			"integrity": "sha1-Tz+1OxBuYJf8+ctBCfKl6b36UCI="
		},
		"underscore-contrib": {
			"version": "0.3.0",
			"resolved": "https://registry.npmjs.org/underscore-contrib/-/underscore-contrib-0.3.0.tgz",
			"integrity": "sha1-ZltmwkeD+PorGMn4y7Dix9SMJsc=",
			"requires": {
				"underscore": "1.6.0"
			},
			"dependencies": {
				"underscore": {
					"version": "1.6.0",
					"resolved": "https://registry.npmjs.org/underscore/-/underscore-1.6.0.tgz",
					"integrity": "sha1-izixDKze9jM3uLJOT/htRa6lKag="
				}
			}
		},
		"util-deprecate": {
			"version": "1.0.2",
			"resolved": "https://registry.npmjs.org/util-deprecate/-/util-deprecate-1.0.2.tgz",
			"integrity": "sha1-RQ1Nyfpw3nMnYvvS1KKJgUGaDM8="
		},
		"webworker-threads": {
			"version": "0.7.13",
			"resolved": "https://registry.npmjs.org/webworker-threads/-/webworker-threads-0.7.13.tgz",
			"integrity": "sha1-yEsYtrokElu503NC5E3rgVFi+4M=",
			"requires": {
				"bindings": "1.3.0",
				"nan": "2.8.0"
			}
		},
		"xmlcreate": {
			"version": "1.0.2",
			"resolved": "https://registry.npmjs.org/xmlcreate/-/xmlcreate-1.0.2.tgz",
			"integrity": "sha1-+mv3YqYKQT+z3Y9LA8WyaSONMI8="
		},
		"xy-parser": {
			"version": "1.5.0",
			"resolved": "https://registry.npmjs.org/xy-parser/-/xy-parser-1.5.0.tgz",
			"integrity": "sha1-fRze5cskurjhskLqgzoZ3CBqquc=",
			"requires": {
				"ml-arrayxy-uniquex": "0.0.2"
			}
		}
	}
}
