{
	"name": "nmr-simulation",
	"version": "1.0.14",
	"lockfileVersion": 1,
	"requires": true,
	"dependencies": {
		"asynckit": {
			"version": "0.4.0",
			"resolved": "https://registry.npmjs.org/asynckit/-/asynckit-0.4.0.tgz",
			"integrity": "sha1-x57Zf380y48robyXkLzDZkdLS3k=",
			"dev": true
		},
		"binary-search": {
			"version": "1.3.2",
			"resolved": "https://registry.npmjs.org/binary-search/-/binary-search-1.3.2.tgz",
			"integrity": "sha1-iMm3vStyIdNS2njsiH9a8lSeTeI="
		},
		"combined-stream": {
			"version": "1.0.6",
			"resolved": "https://registry.npmjs.org/combined-stream/-/combined-stream-1.0.6.tgz",
			"integrity": "sha1-cj599ugBrFYTETp+RFqbactjKBg=",
			"dev": true,
			"requires": {
				"delayed-stream": "~1.0.0"
			}
		},
		"component-emitter": {
			"version": "1.2.1",
			"resolved": "https://registry.npmjs.org/component-emitter/-/component-emitter-1.2.1.tgz",
			"integrity": "sha1-E3kY1teCg/ffemt8WmPhQOaUJeY=",
			"dev": true
		},
		"cookiejar": {
			"version": "2.1.2",
			"resolved": "https://registry.npmjs.org/cookiejar/-/cookiejar-2.1.2.tgz",
			"integrity": "sha512-Mw+adcfzPxcPeI+0WlvRrr/3lGVO0bD75SxX6811cxSh1Wbxx7xZBGK1eVtDf6si8rg2lhnUjsVLMFMfbRIuwA==",
			"dev": true
		},
		"core-util-is": {
			"version": "1.0.2",
			"resolved": "https://registry.npmjs.org/core-util-is/-/core-util-is-1.0.2.tgz",
			"integrity": "sha1-tf1UIgqivFq1eqtxQMlAdUUDwac=",
			"dev": true
		},
		"debug": {
			"version": "3.1.0",
			"resolved": "https://registry.npmjs.org/debug/-/debug-3.1.0.tgz",
			"integrity": "sha512-OX8XqP7/1a9cqkxYw2yXss15f26NKWBpDXQd0/uK/KPqdQhxbPa994hnzjcE2VqQpDslf55723cKPUOGSmMY3g==",
			"dev": true,
			"requires": {
				"ms": "2.0.0"
			}
		},
		"delayed-stream": {
			"version": "1.0.0",
			"resolved": "https://registry.npmjs.org/delayed-stream/-/delayed-stream-1.0.0.tgz",
			"integrity": "sha1-3zrhmayt+31ECqrgsp4icrJOxhk=",
			"dev": true
		},
		"extend": {
			"version": "3.0.2",
			"resolved": "https://registry.npmjs.org/extend/-/extend-3.0.2.tgz",
			"integrity": "sha512-fjquC59cD7CyW6urNXK0FBufkZcoiGG80wTuPujX590cB5Ttln20E2UB4S/WARVqhXffZl2LNgS+gQdPIIim/g==",
			"dev": true
		},
		"form-data": {
			"version": "2.3.2",
			"resolved": "https://registry.npmjs.org/form-data/-/form-data-2.3.2.tgz",
			"integrity": "sha1-SXBJi+YEwgwAXU9cI67NIda0kJk=",
			"dev": true,
			"requires": {
				"asynckit": "^0.4.0",
				"combined-stream": "1.0.6",
				"mime-types": "^2.1.12"
			}
		},
		"formidable": {
			"version": "1.2.1",
			"resolved": "https://registry.npmjs.org/formidable/-/formidable-1.2.1.tgz",
			"integrity": "sha512-Fs9VRguL0gqGHkXS5GQiMCr1VhZBxz0JnJs4JmMp/2jL18Fmbzvv7vOFRU+U8TBkHEE/CX1qDXzJplVULgsLeg==",
			"dev": true
		},
		"heap": {
			"version": "0.2.6",
			"resolved": "https://registry.npmjs.org/heap/-/heap-0.2.6.tgz",
			"integrity": "sha1-CH4fELBGky/IWU3Z5tN4r8nR5aw="
		},
		"inherits": {
			"version": "2.0.3",
			"resolved": "https://registry.npmjs.org/inherits/-/inherits-2.0.3.tgz",
			"integrity": "sha1-Yzwsg+PaQqUC9SRmAiSA9CCCYd4=",
			"dev": true
		},
		"isarray": {
			"version": "1.0.0",
			"resolved": "https://registry.npmjs.org/isarray/-/isarray-1.0.0.tgz",
			"integrity": "sha1-u5NdSFgsuhaMBoNJV6VKPgcSTxE=",
			"dev": true
		},
		"methods": {
			"version": "1.1.2",
			"resolved": "https://registry.npmjs.org/methods/-/methods-1.1.2.tgz",
			"integrity": "sha1-VSmk1nZUE07cxSZmVoNbD4Ua/O4=",
			"dev": true
		},
		"mime": {
			"version": "1.6.0",
			"resolved": "https://registry.npmjs.org/mime/-/mime-1.6.0.tgz",
			"integrity": "sha512-x0Vn8spI+wuJ1O6S7gnbaQg8Pxh4NNHb7KSINmEWKiPE4RKOplvijn+NkmYmmRgP68mc70j2EbeTFRsrswaQeg==",
			"dev": true
		},
		"mime-db": {
			"version": "1.36.0",
			"resolved": "https://registry.npmjs.org/mime-db/-/mime-db-1.36.0.tgz",
			"integrity": "sha512-L+xvyD9MkoYMXb1jAmzI/lWYAxAMCPvIBSWur0PZ5nOf5euahRLVqH//FKW9mWp2lkqUgYiXPgkzfMUFi4zVDw==",
			"dev": true
		},
		"mime-types": {
			"version": "2.1.20",
			"resolved": "https://registry.npmjs.org/mime-types/-/mime-types-2.1.20.tgz",
			"integrity": "sha512-HrkrPaP9vGuWbLK1B1FfgAkbqNjIuy4eHlIYnFi7kamZyLLrGlo2mpcx0bBmNpKqBtYtAfGbodDddIgddSJC2A==",
			"dev": true,
			"requires": {
				"mime-db": "~1.36.0"
			}
		},
		"ml-array-utils": {
			"version": "0.3.0",
			"resolved": "https://registry.npmjs.org/ml-array-utils/-/ml-array-utils-0.3.0.tgz",
			"integrity": "sha1-wMxa/cHLBR9ag7HOcWQcJDZy9kk=",
			"requires": {
				"ml-stat": "^1.0.1"
			}
		},
		"ml-distance-euclidean": {
			"version": "1.0.0",
			"resolved": "https://registry.npmjs.org/ml-distance-euclidean/-/ml-distance-euclidean-1.0.0.tgz",
			"integrity": "sha1-CER8IjNkGisqm0wp5feS0o8dW5U="
		},
		"ml-distance-matrix": {
			"version": "1.0.0",
			"resolved": "https://registry.npmjs.org/ml-distance-matrix/-/ml-distance-matrix-1.0.0.tgz",
			"integrity": "sha1-HR6kcSsHDDVAe6Zmuoo4vDQs5+s="
		},
		"ml-floyd-warshall": {
			"version": "1.0.0",
			"resolved": "https://registry.npmjs.org/ml-floyd-warshall/-/ml-floyd-warshall-1.0.0.tgz",
			"integrity": "sha1-Da5zVGh8/Y+D6FVRZ/wwpboicAk=",
			"dev": true,
			"requires": {
				"ml-matrix": "^2.0.0"
			}
		},
		"ml-hash-table": {
			"version": "0.2.1",
			"resolved": "https://registry.npmjs.org/ml-hash-table/-/ml-hash-table-0.2.1.tgz",
			"integrity": "sha1-rSqgbC46LKanu6oPbdUKjqozPWs=",
			"requires": {
				"binary-search": "^1.3.2",
				"new-array": "^1.0.0",
				"num-sort": "^1.0.0"
			}
		},
		"ml-hclust": {
			"version": "1.3.0",
			"resolved": "https://registry.npmjs.org/ml-hclust/-/ml-hclust-1.3.0.tgz",
			"integrity": "sha1-a+BbvSafZx5n/WbVSPRC6K3Vk00=",
			"requires": {
				"heap": "^0.2.6",
				"ml-distance-euclidean": "^1.0.0",
				"ml-distance-matrix": "^1.0.0"
			}
		},
		"ml-matrix": {
			"version": "2.3.0",
			"resolved": "https://registry.npmjs.org/ml-matrix/-/ml-matrix-2.3.0.tgz",
			"integrity": "sha1-30YBZwpnNQaO6abb8jwJTB0+zik=",
			"requires": {
				"ml-array-utils": "^0.3.0"
			}
		},
		"ml-simple-clustering": {
			"version": "0.1.0",
			"resolved": "https://registry.npmjs.org/ml-simple-clustering/-/ml-simple-clustering-0.1.0.tgz",
			"integrity": "sha1-EbYAgQtNJkvdYCqUCNMef7EwfNU="
		},
		"ml-sparse-matrix": {
			"version": "0.2.1",
			"resolved": "https://registry.npmjs.org/ml-sparse-matrix/-/ml-sparse-matrix-0.2.1.tgz",
			"integrity": "sha1-9X2Q5B3o/vK1QpkpXJMn4RwOSUI=",
			"requires": {
				"ml-hash-table": "^0.2.0"
			}
		},
		"ml-stat": {
			"version": "1.3.3",
			"resolved": "https://registry.npmjs.org/ml-stat/-/ml-stat-1.3.3.tgz",
			"integrity": "sha1-ilSTsPZzgvv3BcJg4HBDZlWn3Po="
		},
		"ms": {
			"version": "2.0.0",
			"resolved": "https://registry.npmjs.org/ms/-/ms-2.0.0.tgz",
			"integrity": "sha1-VgiurfwAvmwpAd9fmGF4jeDVl8g=",
			"dev": true
		},
		"new-array": {
			"version": "1.0.0",
			"resolved": "https://registry.npmjs.org/new-array/-/new-array-1.0.0.tgz",
			"integrity": "sha1-XbxjnZYerH8an7wacUbsEvKST78="
		},
		"nmr-predictor": {
			"version": "1.1.7",
			"resolved": "https://registry.npmjs.org/nmr-predictor/-/nmr-predictor-1.1.7.tgz",
			"integrity": "sha512-vDzOUhmicJo/Lbnq/4D2u/pxUloCNc0U2st8OQPBVbogWCX/IUUfC4mfiIiyAgrd2m2RYSqxbeahMCoQjvouzA==",
			"dev": true,
			"requires": {
				"new-array": "^1.0.0",
				"num-sort": "^1.0.0",
				"openchemlib-extended-minimal": "^2.0.0",
				"should": "^13.2.3",
				"spectra-nmr-utilities": "^1.0.2",
				"superagent": "^3.5.0"
			}
		},
		"nmr-simulation": {
			"version": "1.0.14",
			"resolved": "https://registry.npmjs.org/nmr-simulation/-/nmr-simulation-1.0.14.tgz",
			"integrity": "sha512-PA/mdiHSPjrknNCakBvR3cLfkf8VSiUkLxMRv72B5/lsvKhMsc1HQbhDdCnxZla73M08Z+ckBZGKXE8CulEjEQ==",
			"dev": true,
			"requires": {
				"binary-search": "^1.3.2",
				"ml-hclust": "^1.3.0",
				"ml-matrix": "^2.3.0",
				"ml-simple-clustering": "0.1.0",
				"ml-sparse-matrix": "^0.2.1",
				"new-array": "^1.0.0",
				"num-sort": "^1.0.0",
				"should": "^13.2.3"
			}
		},
		"num-sort": {
			"version": "1.0.0",
			"resolved": "https://registry.npmjs.org/num-sort/-/num-sort-1.0.0.tgz",
			"integrity": "sha1-yr7B/V9NpKypla+Qt6DzeZROHb0=",
			"requires": {
				"number-is-nan": "^1.0.0"
			}
		},
		"number-is-nan": {
			"version": "1.0.1",
			"resolved": "https://registry.npmjs.org/number-is-nan/-/number-is-nan-1.0.1.tgz",
			"integrity": "sha1-CXtgK1NCKlIsGvuHkDGDNpQaAR0="
		},
		"openchemlib": {
			"version": "5.6.0",
			"resolved": "https://registry.npmjs.org/openchemlib/-/openchemlib-5.6.0.tgz",
			"integrity": "sha512-ojpMBPWkWN+lUl+Iwp6RZyd2KPIWPP2ANOz/jKGHyqCeT1fyobb/vqHpzCHcAPuj8RZsC7kbLHeindAuSeZsTw==",
			"dev": true
		},
		"openchemlib-extended": {
			"version": "2.4.1",
			"resolved": "https://registry.npmjs.org/openchemlib-extended/-/openchemlib-extended-2.4.1.tgz",
			"integrity": "sha512-GfRRMEE/3km2nY7eh+GwROjNaB2SyqqbRwkHCdvoqHpe81rGLnSqqBMoWs1OMsXQYRGII/j3eLAdarFX3EvMYw==",
			"dev": true,
			"requires": {
				"ml-floyd-warshall": "^1.0.0",
				"ml-matrix": "^2.3.0",
				"openchemlib": "^5.2.10",
				"papaparse": "^4.1.2",
				"rxn-parser": "0.0.2",
				"sdf-parser": "^1.0.0",
				"setimmediate": "^1.0.2"
			}
		},
		"openchemlib-extended-minimal": {
			"version": "2.0.0",
			"resolved": "https://registry.npmjs.org/openchemlib-extended-minimal/-/openchemlib-extended-minimal-2.0.0.tgz",
			"integrity": "sha1-q5Qo6Lc8gholGHV/cvfgAFC6PU4=",
			"dev": true,
			"requires": {
				"openchemlib": "^5.1.2",
				"openchemlib-extended": "^2.1.2"
			}
		},
		"papaparse": {
			"version": "4.6.0",
			"resolved": "https://registry.npmjs.org/papaparse/-/papaparse-4.6.0.tgz",
			"integrity": "sha512-ylm8pmgyz9rkS3Ng/ru5tHUF3JxWwKYP0aZZWZ8eCGdSxoqgYiDUXLNQei73mUJOjHw8QNu5ZNCsLoDpkMA6sg==",
			"dev": true
		},
		"process-nextick-args": {
			"version": "2.0.0",
			"resolved": "https://registry.npmjs.org/process-nextick-args/-/process-nextick-args-2.0.0.tgz",
			"integrity": "sha512-MtEC1TqN0EU5nephaJ4rAtThHtC86dNN9qCuEhtshvpVBkAW5ZO7BASN9REnF9eoXGcRub+pFuKEpOHE+HbEMw==",
			"dev": true
		},
		"qs": {
			"version": "6.5.2",
			"resolved": "https://registry.npmjs.org/qs/-/qs-6.5.2.tgz",
			"integrity": "sha512-N5ZAX4/LxJmF+7wN74pUD6qAh9/wnvdQcjq9TZjevvXzSUo7bfmw91saqMjzGS2xq91/odN2dW/WOl7qQHNDGA==",
			"dev": true
		},
		"readable-stream": {
			"version": "2.3.6",
			"resolved": "http://registry.npmjs.org/readable-stream/-/readable-stream-2.3.6.tgz",
			"integrity": "sha512-tQtKA9WIAhBF3+VLAseyMqZeBjW0AHJoxOtYqSUZNJxauErmLbVm2FW1y+J/YA9dUrAC39ITejlZWhVIwawkKw==",
			"dev": true,
			"requires": {
				"core-util-is": "~1.0.0",
				"inherits": "~2.0.3",
				"isarray": "~1.0.0",
				"process-nextick-args": "~2.0.0",
				"safe-buffer": "~5.1.1",
				"string_decoder": "~1.1.1",
				"util-deprecate": "~1.0.1"
			}
		},
		"rxn-parser": {
			"version": "0.0.2",
			"resolved": "https://registry.npmjs.org/rxn-parser/-/rxn-parser-0.0.2.tgz",
			"integrity": "sha1-JkJGcaElogzTzT8Ux22Uaal3QP0=",
			"dev": true
		},
		"safe-buffer": {
			"version": "5.1.2",
			"resolved": "https://registry.npmjs.org/safe-buffer/-/safe-buffer-5.1.2.tgz",
			"integrity": "sha512-Gd2UZBJDkXlY7GbJxfsE8/nvKkUEU1G38c1siN6QP6a9PT9MmHB8GnpscSmMJSoF8LOIrt8ud/wPtojys4G6+g==",
			"dev": true
		},
		"sdf-parser": {
			"version": "1.0.0",
			"resolved": "https://registry.npmjs.org/sdf-parser/-/sdf-parser-1.0.0.tgz",
			"integrity": "sha1-vYsBKPWZ6VJHBUsGQZg1eD9SKVw=",
			"dev": true
		},
		"setimmediate": {
			"version": "1.0.5",
			"resolved": "https://registry.npmjs.org/setimmediate/-/setimmediate-1.0.5.tgz",
			"integrity": "sha1-KQy7Iy4waULX1+qbg3Mqt4VvgoU=",
			"dev": true
		},
		"should": {
			"version": "13.2.3",
			"resolved": "https://registry.npmjs.org/should/-/should-13.2.3.tgz",
			"integrity": "sha512-ggLesLtu2xp+ZxI+ysJTmNjh2U0TsC+rQ/pfED9bUZZ4DKefP27D+7YJVVTvKsmjLpIi9jAa7itwDGkDDmt1GQ==",
			"requires": {
				"should-equal": "^2.0.0",
				"should-format": "^3.0.3",
				"should-type": "^1.4.0",
				"should-type-adaptors": "^1.0.1",
				"should-util": "^1.0.0"
			}
		},
		"should-equal": {
			"version": "2.0.0",
			"resolved": "https://registry.npmjs.org/should-equal/-/should-equal-2.0.0.tgz",
			"integrity": "sha512-ZP36TMrK9euEuWQYBig9W55WPC7uo37qzAEmbjHz4gfyuXrEUgF8cUvQVO+w+d3OMfPvSRQJ22lSm8MQJ43LTA==",
			"requires": {
				"should-type": "^1.4.0"
			}
		},
		"should-format": {
			"version": "3.0.3",
			"resolved": "https://registry.npmjs.org/should-format/-/should-format-3.0.3.tgz",
			"integrity": "sha1-m/yPdPo5IFxT04w01xcwPidxJPE=",
			"requires": {
				"should-type": "^1.3.0",
				"should-type-adaptors": "^1.0.1"
			}
		},
		"should-type": {
			"version": "1.4.0",
			"resolved": "https://registry.npmjs.org/should-type/-/should-type-1.4.0.tgz",
			"integrity": "sha1-B1bYzoRt/QmEOmlHcZ36DUz/XPM="
		},
		"should-type-adaptors": {
			"version": "1.1.0",
			"resolved": "https://registry.npmjs.org/should-type-adaptors/-/should-type-adaptors-1.1.0.tgz",
			"integrity": "sha512-JA4hdoLnN+kebEp2Vs8eBe9g7uy0zbRo+RMcU0EsNy+R+k049Ki+N5tT5Jagst2g7EAja+euFuoXFCa8vIklfA==",
			"requires": {
				"should-type": "^1.3.0",
				"should-util": "^1.0.0"
			}
		},
		"should-util": {
			"version": "1.0.0",
			"resolved": "https://registry.npmjs.org/should-util/-/should-util-1.0.0.tgz",
			"integrity": "sha1-yYzaN0qmsZDfi6h8mInCtNtiAGM="
		},
		"spectra-nmr-utilities": {
			"version": "1.0.2",
			"resolved": "https://registry.npmjs.org/spectra-nmr-utilities/-/spectra-nmr-utilities-1.0.2.tgz",
			"integrity": "sha512-c9UW8GmzlwBj5U3/2cSgS3okuNlts1EyJE8ssNXEsN9t3imf7ogOrsnN07p2voV2U4kh7gTY9ShUec0Z3y6dtA==",
			"dev": true
		},
		"string_decoder": {
			"version": "1.1.1",
			"resolved": "https://registry.npmjs.org/string_decoder/-/string_decoder-1.1.1.tgz",
			"integrity": "sha512-n/ShnvDi6FHbbVfviro+WojiFzv+s8MPMHBczVePfUpDJLwoLT0ht1l4YwBCbi8pJAveEEdnkHyPyTP/mzRfwg==",
			"dev": true,
			"requires": {
				"safe-buffer": "~5.1.0"
			}
		},
		"superagent": {
			"version": "3.8.3",
			"resolved": "https://registry.npmjs.org/superagent/-/superagent-3.8.3.tgz",
			"integrity": "sha512-GLQtLMCoEIK4eDv6OGtkOoSMt3D+oq0y3dsxMuYuDvaNUvuT8eFBuLmfR0iYYzHC1e8hpzC6ZsxbuP6DIalMFA==",
			"dev": true,
			"requires": {
				"component-emitter": "^1.2.0",
				"cookiejar": "^2.1.0",
				"debug": "^3.1.0",
				"extend": "^3.0.0",
				"form-data": "^2.3.1",
				"formidable": "^1.2.0",
				"methods": "^1.1.1",
				"mime": "^1.4.1",
				"qs": "^6.5.1",
				"readable-stream": "^2.3.5"
			}
		},
		"util-deprecate": {
			"version": "1.0.2",
			"resolved": "https://registry.npmjs.org/util-deprecate/-/util-deprecate-1.0.2.tgz",
			"integrity": "sha1-RQ1Nyfpw3nMnYvvS1KKJgUGaDM8=",
			"dev": true
		}
	}
}
