# THIS IS AN AUTOGENERATED FILE. DO NOT EDIT THIS FILE DIRECTLY.
# yarn lockfile v1


binary-search@^1.3.2:
  version "1.3.2"
  resolved "https://registry.yarnpkg.com/binary-search/-/binary-search-1.3.2.tgz#88c9b7bd2b7221d352da78ec887f5af2549e4de2"

heap@^0.2.6:
  version "0.2.6"
  resolved "https://registry.yarnpkg.com/heap/-/heap-0.2.6.tgz#087e1f10b046932fc8594dd9e6d378afc9d1e5ac"

ml-array-utils@^0.3.0:
  version "0.3.0"
  resolved "https://registry.yarnpkg.com/ml-array-utils/-/ml-array-utils-0.3.0.tgz#c0cc5afdc1cb051f5a83b1ce71641c243672f649"
  dependencies:
    ml-stat "^1.0.1"

ml-distance-euclidean@^1.0.0:
  version "1.0.0"
  resolved "https://registry.yarnpkg.com/ml-distance-euclidean/-/ml-distance-euclidean-1.0.0.tgz#08447c2233641a2b2a9b4c29e5f792d28f1d5b95"

ml-distance-matrix@^1.0.0:
  version "1.0.0"
  resolved "https://registry.yarnpkg.com/ml-distance-matrix/-/ml-distance-matrix-1.0.0.tgz#1d1ea4712b070c35407ba666ba8a38bc342ce7eb"

ml-hash-table@^0.2.0:
  version "0.2.1"
  resolved "https://registry.yarnpkg.com/ml-hash-table/-/ml-hash-table-0.2.1.tgz#ad2aa06c2e3a2ca6a7bbaa0f6dd50a8eaa333d6b"
  dependencies:
    binary-search "^1.3.2"
    new-array "^1.0.0"
    num-sort "^1.0.0"

ml-hclust@^1.3.0:
  version "1.3.0"
  resolved "https://registry.yarnpkg.com/ml-hclust/-/ml-hclust-1.3.0.tgz#6be05bbd269f671e67fd66d548f442e8add5934d"
  dependencies:
    heap "^0.2.6"
    ml-distance-euclidean "^1.0.0"
    ml-distance-matrix "^1.0.0"

ml-matrix@^2.3.0:
  version "2.3.0"
  resolved "https://registry.yarnpkg.com/ml-matrix/-/ml-matrix-2.3.0.tgz#df4601670a6735068ee9a6dbf23c094c1d3ece29"
  dependencies:
    ml-array-utils "^0.3.0"

ml-simple-clustering@0.1.0:
  version "0.1.0"
  resolved "https://registry.yarnpkg.com/ml-simple-clustering/-/ml-simple-clustering-0.1.0.tgz#11b600810b4d264bdd602a9408d31e7fb1307cd5"

ml-sparse-matrix@^0.2.1:
  version "0.2.1"
  resolved "https://registry.yarnpkg.com/ml-sparse-matrix/-/ml-sparse-matrix-0.2.1.tgz#f57d90e41de8fef2b54299295c9327e11c0e4942"
  dependencies:
    ml-hash-table "^0.2.0"

ml-stat@^1.0.1:
  version "1.3.3"
  resolved "https://registry.yarnpkg.com/ml-stat/-/ml-stat-1.3.3.tgz#8a5493b0f67382fbf705c260e070436655a7dcfa"

new-array@^1.0.0:
  version "1.0.0"
  resolved "https://registry.yarnpkg.com/new-array/-/new-array-1.0.0.tgz#5dbc639d961eac7f1a9fbc1a7146ec12f2924fbf"

num-sort@^1.0.0:
  version "1.0.0"
  resolved "https://registry.yarnpkg.com/num-sort/-/num-sort-1.0.0.tgz#cabec1fd5f4da4aca995af90b7a0f379944e1dbd"
  dependencies:
    number-is-nan "^1.0.0"

number-is-nan@^1.0.0:
  version "1.0.1"
  resolved "https://registry.yarnpkg.com/number-is-nan/-/number-is-nan-1.0.1.tgz#097b602b53422a522c1afb8790318336941a011d"
