{
	"name": "nmr-predictor",
	"version": "1.1.12",
	"lockfileVersion": 1,
	"requires": true,
	"dependencies": {
		"asynckit": {
			"version": "0.4.0",
			"resolved": "https://registry.npmjs.org/asynckit/-/asynckit-0.4.0.tgz",
			"integrity": "sha1-x57Zf380y48robyXkLzDZkdLS3k="
		},
		"combined-stream": {
			"version": "1.0.7",
			"resolved": "https://registry.npmjs.org/combined-stream/-/combined-stream-1.0.7.tgz",
			"integrity": "sha512-brWl9y6vOB1xYPZcpZde3N9zDByXTosAeMDo4p1wzo6UMOX4vumB+TP1RZ76sfE6Md68Q0NJSrE/gbezd4Ul+w==",
			"requires": {
				"delayed-stream": "~1.0.0"
			}
		},
		"component-emitter": {
			"version": "1.2.1",
			"resolved": "https://registry.npmjs.org/component-emitter/-/component-emitter-1.2.1.tgz",
			"integrity": "sha1-E3kY1teCg/ffemt8WmPhQOaUJeY="
		},
		"cookiejar": {
			"version": "2.1.2",
			"resolved": "https://registry.npmjs.org/cookiejar/-/cookiejar-2.1.2.tgz",
			"integrity": "sha512-Mw+adcfzPxcPeI+0WlvRrr/3lGVO0bD75SxX6811cxSh1Wbxx7xZBGK1eVtDf6si8rg2lhnUjsVLMFMfbRIuwA=="
		},
		"core-util-is": {
			"version": "1.0.2",
			"resolved": "https://registry.npmjs.org/core-util-is/-/core-util-is-1.0.2.tgz",
			"integrity": "sha1-tf1UIgqivFq1eqtxQMlAdUUDwac="
		},
		"debug": {
			"version": "3.2.6",
			"resolved": "https://registry.npmjs.org/debug/-/debug-3.2.6.tgz",
			"integrity": "sha512-mel+jf7nrtEl5Pn1Qx46zARXKDpBbvzezse7p7LqINmdoIk8PYP5SySaxEmYv6TZ0JyEKA1hsCId6DIhgITtWQ==",
			"requires": {
				"ms": "^2.1.1"
			}
		},
		"delayed-stream": {
			"version": "1.0.0",
			"resolved": "https://registry.npmjs.org/delayed-stream/-/delayed-stream-1.0.0.tgz",
			"integrity": "sha1-3zrhmayt+31ECqrgsp4icrJOxhk="
		},
		"duplexer2": {
			"version": "0.1.4",
			"resolved": "https://registry.npmjs.org/duplexer2/-/duplexer2-0.1.4.tgz",
			"integrity": "sha1-ixLauHjA1p4+eJEFFmKjL8a93ME=",
			"requires": {
				"readable-stream": "^2.0.2"
			}
		},
		"extend": {
			"version": "3.0.2",
			"resolved": "https://registry.npmjs.org/extend/-/extend-3.0.2.tgz",
			"integrity": "sha512-fjquC59cD7CyW6urNXK0FBufkZcoiGG80wTuPujX590cB5Ttln20E2UB4S/WARVqhXffZl2LNgS+gQdPIIim/g=="
		},
		"form-data": {
			"version": "2.3.3",
			"resolved": "https://registry.npmjs.org/form-data/-/form-data-2.3.3.tgz",
			"integrity": "sha512-1lLKB2Mu3aGP1Q/2eCOx0fNbRMe7XdwktwOruhfqqd0rIJWwN4Dh+E3hrPSlDCXnSR7UtZ1N38rVXm+6+MEhJQ==",
			"requires": {
				"asynckit": "^0.4.0",
				"combined-stream": "^1.0.6",
				"mime-types": "^2.1.12"
			}
		},
		"formidable": {
			"version": "1.2.1",
			"resolved": "https://registry.npmjs.org/formidable/-/formidable-1.2.1.tgz",
			"integrity": "sha512-Fs9VRguL0gqGHkXS5GQiMCr1VhZBxz0JnJs4JmMp/2jL18Fmbzvv7vOFRU+U8TBkHEE/CX1qDXzJplVULgsLeg=="
		},
		"inherits": {
			"version": "2.0.3",
			"resolved": "https://registry.npmjs.org/inherits/-/inherits-2.0.3.tgz",
			"integrity": "sha1-Yzwsg+PaQqUC9SRmAiSA9CCCYd4="
		},
		"is-any-array": {
			"version": "0.0.3",
			"resolved": "https://registry.npmjs.org/is-any-array/-/is-any-array-0.0.3.tgz",
			"integrity": "sha512-Lr5SRykZv6uuYMZURz7+YpigT1ziTBHOTgFJ1zK7gL+9Wbet5Ha1ws6S84Jo/lH4zep02b95sk6o4+MTk97mPQ=="
		},
		"isarray": {
			"version": "1.0.0",
			"resolved": "https://registry.npmjs.org/isarray/-/isarray-1.0.0.tgz",
			"integrity": "sha1-u5NdSFgsuhaMBoNJV6VKPgcSTxE="
		},
		"methods": {
			"version": "1.1.2",
			"resolved": "https://registry.npmjs.org/methods/-/methods-1.1.2.tgz",
			"integrity": "sha1-VSmk1nZUE07cxSZmVoNbD4Ua/O4="
		},
		"mime": {
			"version": "1.6.0",
			"resolved": "https://registry.npmjs.org/mime/-/mime-1.6.0.tgz",
			"integrity": "sha512-x0Vn8spI+wuJ1O6S7gnbaQg8Pxh4NNHb7KSINmEWKiPE4RKOplvijn+NkmYmmRgP68mc70j2EbeTFRsrswaQeg=="
		},
		"mime-db": {
			"version": "1.37.0",
			"resolved": "https://registry.npmjs.org/mime-db/-/mime-db-1.37.0.tgz",
			"integrity": "sha512-R3C4db6bgQhlIhPU48fUtdVmKnflq+hRdad7IyKhtFj06VPNVdk2RhiYL3UjQIlso8L+YxAtFkobT0VK+S/ybg=="
		},
		"mime-types": {
			"version": "2.1.21",
			"resolved": "https://registry.npmjs.org/mime-types/-/mime-types-2.1.21.tgz",
			"integrity": "sha512-3iL6DbwpyLzjR3xHSFNFeb9Nz/M8WDkX33t1GFQnFOllWk8pOrh/LSrB5OXlnlW5P9LH73X6loW/eogc+F5lJg==",
			"requires": {
				"mime-db": "~1.37.0"
			}
		},
		"ml-array-max": {
			"version": "1.1.1",
			"resolved": "https://registry.npmjs.org/ml-array-max/-/ml-array-max-1.1.1.tgz",
			"integrity": "sha512-lEtVH02mkRESnwCq6y0w8rrnRltwlEmYKRuYNZGSmpiqL+TcHc1Z/kn73Ga9L3iFtyYOtmdLGug0ufGy0xbfmw==",
			"requires": {
				"is-any-array": "^0.0.3"
			}
		},
		"ml-array-min": {
			"version": "1.1.1",
			"resolved": "https://registry.npmjs.org/ml-array-min/-/ml-array-min-1.1.1.tgz",
			"integrity": "sha512-xwUm80ktZLoKMK5j0yilCM8/X07KaW/yvnBiqxPxLRkzIEqK2NA2lHw5uvDpfEYYBUzZbMIG/jHDum+YrjKvPg==",
			"requires": {
				"is-any-array": "^0.0.3"
			}
		},
		"ml-array-rescale": {
			"version": "1.2.1",
			"resolved": "https://registry.npmjs.org/ml-array-rescale/-/ml-array-rescale-1.2.1.tgz",
			"integrity": "sha512-C9YliVwYknxBNFXXbCFwCDUZScZkgL82CEL4GdpdhWAvUTZIRn7opAOOj4ZnZZXjIrUFCV+YB99DKM1frd9eOQ==",
			"requires": {
				"is-any-array": "^0.0.3",
				"ml-array-max": "^1.1.1",
				"ml-array-min": "^1.1.1"
			}
		},
		"ml-array-utils": {
			"version": "0.3.0",
			"resolved": "https://registry.npmjs.org/ml-array-utils/-/ml-array-utils-0.3.0.tgz",
			"integrity": "sha1-wMxa/cHLBR9ag7HOcWQcJDZy9kk=",
			"requires": {
				"ml-stat": "^1.0.1"
			}
		},
		"ml-floyd-warshall": {
			"version": "1.0.0",
			"resolved": "https://registry.npmjs.org/ml-floyd-warshall/-/ml-floyd-warshall-1.0.0.tgz",
			"integrity": "sha1-Da5zVGh8/Y+D6FVRZ/wwpboicAk=",
			"requires": {
				"ml-matrix": "^2.0.0"
			},
			"dependencies": {
				"ml-matrix": {
					"version": "2.3.0",
					"resolved": "https://registry.npmjs.org/ml-matrix/-/ml-matrix-2.3.0.tgz",
					"integrity": "sha1-30YBZwpnNQaO6abb8jwJTB0+zik=",
					"requires": {
						"ml-array-utils": "^0.3.0"
					}
				}
			}
		},
		"ml-matrix": {
			"version": "5.2.1",
			"resolved": "https://registry.npmjs.org/ml-matrix/-/ml-matrix-5.2.1.tgz",
			"integrity": "sha512-bPvOKYmp29VFtU23ImjQvRhJNPPHcLZj6NR+SERF64lr4mEo7TvCKeZs+H5kajQDt0vBkNHZZkrcaPqkpBS8JQ==",
			"requires": {
				"ml-array-max": "^1.1.1",
				"ml-array-rescale": "^1.2.1"
			}
		},
		"ml-stat": {
			"version": "1.3.3",
			"resolved": "https://registry.npmjs.org/ml-stat/-/ml-stat-1.3.3.tgz",
			"integrity": "sha1-ilSTsPZzgvv3BcJg4HBDZlWn3Po="
		},
		"ms": {
			"version": "2.1.1",
			"resolved": "https://registry.npmjs.org/ms/-/ms-2.1.1.tgz",
			"integrity": "sha512-tgp+dl5cGk28utYktBsrFqA7HKgrhgPsg6Z/EfhWI4gl1Hwq8B/GmY/0oXZ6nF8hDVesS/FpnYaD/kOWhYQvyg=="
		},
		"multipipe": {
			"version": "2.0.3",
			"resolved": "https://registry.npmjs.org/multipipe/-/multipipe-2.0.3.tgz",
			"integrity": "sha512-OtUaPHj/mrk2dh+34+uw7RGGg7rhOcV7UVjhyHM3zk/yvUq7580G5XNEw9elzjR2N92GmB+YxgS/b0+xo8zHPQ==",
			"requires": {
				"duplexer2": "^0.1.2",
				"object-assign": "^4.1.0"
			}
		},
		"new-array": {
			"version": "1.0.0",
			"resolved": "https://registry.npmjs.org/new-array/-/new-array-1.0.0.tgz",
			"integrity": "sha1-XbxjnZYerH8an7wacUbsEvKST78="
		},
		"num-sort": {
			"version": "1.0.0",
			"resolved": "https://registry.npmjs.org/num-sort/-/num-sort-1.0.0.tgz",
			"integrity": "sha1-yr7B/V9NpKypla+Qt6DzeZROHb0=",
			"requires": {
				"number-is-nan": "^1.0.0"
			}
		},
		"number-is-nan": {
			"version": "1.0.1",
			"resolved": "https://registry.npmjs.org/number-is-nan/-/number-is-nan-1.0.1.tgz",
			"integrity": "sha1-CXtgK1NCKlIsGvuHkDGDNpQaAR0="
		},
		"object-assign": {
			"version": "4.1.1",
			"resolved": "https://registry.npmjs.org/object-assign/-/object-assign-4.1.1.tgz",
			"integrity": "sha1-IQmtx5ZYh8/AXLvUQsrIv7s2CGM="
		},
		"openchemlib": {
			"version": "5.9.1",
			"resolved": "https://registry.npmjs.org/openchemlib/-/openchemlib-5.9.1.tgz",
			"integrity": "sha512-+Mlmpr/6GAGKW6cxsra0Ea2mBlMCwbFvimGV54HuKd7sOd9R4TzsNw3xOfODB5xFC/eUuvAgt8/19Wq6KpB3UQ=="
		},
		"openchemlib-extended": {
			"version": "4.0.1",
			"resolved": "https://registry.npmjs.org/openchemlib-extended/-/openchemlib-extended-4.0.1.tgz",
			"integrity": "sha512-RLbz1ClAbIU1PKs5yB6+Bln6xNL/yAdSL20jO3pweaBBaR9WIB6YCon3u+9zJ1tzXtkbR43pqJPBkx317imB5w==",
			"requires": {
				"ml-floyd-warshall": "^1.0.0",
				"ml-matrix": "^5.2.0",
				"openchemlib": "^5.6.1",
				"papaparse": "^4.6.2",
				"rxn-parser": "0.1.0",
				"sdf-parser": "^3.1.0",
				"setimmediate": "^1.0.2"
			},
			"dependencies": {
				"sdf-parser": {
					"version": "3.1.0",
					"resolved": "https://registry.npmjs.org/sdf-parser/-/sdf-parser-3.1.0.tgz",
					"integrity": "sha512-UC3b/oNoRGM9+wLhtbr9ZVFO4Q/tafABZL2wcoD53YIM5NL86XKNvaypkjUl9J08Lni1eUN6Ilz61+voqicMAg==",
					"requires": {
						"multipipe": "^2.0.1",
						"split2": "^2.2.0",
						"through2": "^2.0.3",
						"through2-filter": "^2.0.0"
					}
				}
			}
		},
		"papaparse": {
			"version": "4.6.3",
			"resolved": "https://registry.npmjs.org/papaparse/-/papaparse-4.6.3.tgz",
			"integrity": "sha512-LRq7BrHC2kHPBYSD50aKuw/B/dGcg29omyJbKWY3KsYUZU69RKwaBHu13jGmCYBtOc4odsLCrFyk6imfyNubJQ=="
		},
		"process-nextick-args": {
			"version": "2.0.0",
			"resolved": "https://registry.npmjs.org/process-nextick-args/-/process-nextick-args-2.0.0.tgz",
			"integrity": "sha512-MtEC1TqN0EU5nephaJ4rAtThHtC86dNN9qCuEhtshvpVBkAW5ZO7BASN9REnF9eoXGcRub+pFuKEpOHE+HbEMw=="
		},
		"qs": {
			"version": "6.5.2",
			"resolved": "https://registry.npmjs.org/qs/-/qs-6.5.2.tgz",
			"integrity": "sha512-N5ZAX4/LxJmF+7wN74pUD6qAh9/wnvdQcjq9TZjevvXzSUo7bfmw91saqMjzGS2xq91/odN2dW/WOl7qQHNDGA=="
		},
		"readable-stream": {
			"version": "2.3.6",
			"resolved": "http://registry.npmjs.org/readable-stream/-/readable-stream-2.3.6.tgz",
			"integrity": "sha512-tQtKA9WIAhBF3+VLAseyMqZeBjW0AHJoxOtYqSUZNJxauErmLbVm2FW1y+J/YA9dUrAC39ITejlZWhVIwawkKw==",
			"requires": {
				"core-util-is": "~1.0.0",
				"inherits": "~2.0.3",
				"isarray": "~1.0.0",
				"process-nextick-args": "~2.0.0",
				"safe-buffer": "~5.1.1",
				"string_decoder": "~1.1.1",
				"util-deprecate": "~1.0.1"
			}
		},
		"rxn-parser": {
			"version": "0.1.0",
			"resolved": "https://registry.npmjs.org/rxn-parser/-/rxn-parser-0.1.0.tgz",
			"integrity": "sha512-BsrfEJ2j1CgO2p2/lX6c30WTeQqE/LhOh6nZ/s4Io/tuJB7XKI8XmDlHnPBGprsXMfIHKrv2kV++vhWvmDL/nw=="
		},
		"safe-buffer": {
			"version": "5.1.2",
			"resolved": "https://registry.npmjs.org/safe-buffer/-/safe-buffer-5.1.2.tgz",
			"integrity": "sha512-Gd2UZBJDkXlY7GbJxfsE8/nvKkUEU1G38c1siN6QP6a9PT9MmHB8GnpscSmMJSoF8LOIrt8ud/wPtojys4G6+g=="
		},
		"sax": {
			"version": "1.2.4",
			"resolved": "https://registry.npmjs.org/sax/-/sax-1.2.4.tgz",
			"integrity": "sha512-NqVDv9TpANUjFm0N8uM5GxL36UgKi9/atZw+x7YFnQ8ckwFGKrl4xX4yWtrey3UJm5nP1kUbnYgLopqWNSRhWw=="
		},
		"sdf-parser": {
			"version": "2.3.1",
			"resolved": "https://registry.npmjs.org/sdf-parser/-/sdf-parser-2.3.1.tgz",
			"integrity": "sha512-h3XhcKwmA2YhqkL2gqjo6wQdYoqDgGEoXRFGHPlSx7Scayw3YVV4n5isHuSZbq8j77Km9r++fHATrB7JzlBniQ==",
			"dev": true
		},
		"setimmediate": {
			"version": "1.0.5",
			"resolved": "https://registry.npmjs.org/setimmediate/-/setimmediate-1.0.5.tgz",
			"integrity": "sha1-KQy7Iy4waULX1+qbg3Mqt4VvgoU="
		},
		"should": {
			"version": "13.2.3",
			"resolved": "https://registry.npmjs.org/should/-/should-13.2.3.tgz",
			"integrity": "sha512-ggLesLtu2xp+ZxI+ysJTmNjh2U0TsC+rQ/pfED9bUZZ4DKefP27D+7YJVVTvKsmjLpIi9jAa7itwDGkDDmt1GQ==",
			"requires": {
				"should-equal": "^2.0.0",
				"should-format": "^3.0.3",
				"should-type": "^1.4.0",
				"should-type-adaptors": "^1.0.1",
				"should-util": "^1.0.0"
			}
		},
		"should-equal": {
			"version": "2.0.0",
			"resolved": "https://registry.npmjs.org/should-equal/-/should-equal-2.0.0.tgz",
			"integrity": "sha512-ZP36TMrK9euEuWQYBig9W55WPC7uo37qzAEmbjHz4gfyuXrEUgF8cUvQVO+w+d3OMfPvSRQJ22lSm8MQJ43LTA==",
			"requires": {
				"should-type": "^1.4.0"
			}
		},
		"should-format": {
			"version": "3.0.3",
			"resolved": "https://registry.npmjs.org/should-format/-/should-format-3.0.3.tgz",
			"integrity": "sha1-m/yPdPo5IFxT04w01xcwPidxJPE=",
			"requires": {
				"should-type": "^1.3.0",
				"should-type-adaptors": "^1.0.1"
			}
		},
		"should-type": {
			"version": "1.4.0",
			"resolved": "https://registry.npmjs.org/should-type/-/should-type-1.4.0.tgz",
			"integrity": "sha1-B1bYzoRt/QmEOmlHcZ36DUz/XPM="
		},
		"should-type-adaptors": {
			"version": "1.1.0",
			"resolved": "https://registry.npmjs.org/should-type-adaptors/-/should-type-adaptors-1.1.0.tgz",
			"integrity": "sha512-JA4hdoLnN+kebEp2Vs8eBe9g7uy0zbRo+RMcU0EsNy+R+k049Ki+N5tT5Jagst2g7EAja+euFuoXFCa8vIklfA==",
			"requires": {
				"should-type": "^1.3.0",
				"should-util": "^1.0.0"
			}
		},
		"should-util": {
			"version": "1.0.0",
			"resolved": "https://registry.npmjs.org/should-util/-/should-util-1.0.0.tgz",
			"integrity": "sha1-yYzaN0qmsZDfi6h8mInCtNtiAGM="
		},
		"spectra-nmr-utilities": {
			"version": "1.0.5",
			"resolved": "https://registry.npmjs.org/spectra-nmr-utilities/-/spectra-nmr-utilities-1.0.5.tgz",
			"integrity": "sha512-zkJuohLtEnVN9Rtb9Gt7vysUf6C7FJJAkuJs5tfz05Ei1HSgLg3X5BpR3YvEXcWzViq3DMMkuEn8FAK3KVaXLA=="
		},
		"split2": {
			"version": "2.2.0",
			"resolved": "https://registry.npmjs.org/split2/-/split2-2.2.0.tgz",
			"integrity": "sha512-RAb22TG39LhI31MbreBgIuKiIKhVsawfTgEGqKHTK87aG+ul/PB8Sqoi3I7kVdRWiCfrKxK3uo4/YUkpNvhPbw==",
			"requires": {
				"through2": "^2.0.2"
			}
		},
		"string_decoder": {
			"version": "1.1.1",
			"resolved": "https://registry.npmjs.org/string_decoder/-/string_decoder-1.1.1.tgz",
			"integrity": "sha512-n/ShnvDi6FHbbVfviro+WojiFzv+s8MPMHBczVePfUpDJLwoLT0ht1l4YwBCbi8pJAveEEdnkHyPyTP/mzRfwg==",
			"requires": {
				"safe-buffer": "~5.1.0"
			}
		},
		"superagent": {
			"version": "3.8.3",
			"resolved": "https://registry.npmjs.org/superagent/-/superagent-3.8.3.tgz",
			"integrity": "sha512-GLQtLMCoEIK4eDv6OGtkOoSMt3D+oq0y3dsxMuYuDvaNUvuT8eFBuLmfR0iYYzHC1e8hpzC6ZsxbuP6DIalMFA==",
			"requires": {
				"component-emitter": "^1.2.0",
				"cookiejar": "^2.1.0",
				"debug": "^3.1.0",
				"extend": "^3.0.0",
				"form-data": "^2.3.1",
				"formidable": "^1.2.0",
				"methods": "^1.1.1",
				"mime": "^1.4.1",
				"qs": "^6.5.1",
				"readable-stream": "^2.3.5"
			}
		},
		"through2": {
			"version": "2.0.5",
			"resolved": "https://registry.npmjs.org/through2/-/through2-2.0.5.tgz",
			"integrity": "sha512-/mrRod8xqpA+IHSLyGCQ2s8SPHiCDEeQJSep1jqLYeEUClOFG2Qsh+4FU6G9VeqpZnGW/Su8LQGc4YKni5rYSQ==",
			"requires": {
				"readable-stream": "~2.3.6",
				"xtend": "~4.0.1"
			}
		},
		"through2-filter": {
			"version": "2.0.0",
			"resolved": "https://registry.npmjs.org/through2-filter/-/through2-filter-2.0.0.tgz",
			"integrity": "sha1-YLxVoNrLdghdsfna6Zq0P4PWIuw=",
			"requires": {
				"through2": "~2.0.0",
				"xtend": "~4.0.0"
			}
		},
		"util-deprecate": {
			"version": "1.0.2",
			"resolved": "https://registry.npmjs.org/util-deprecate/-/util-deprecate-1.0.2.tgz",
			"integrity": "sha1-RQ1Nyfpw3nMnYvvS1KKJgUGaDM8="
		},
		"xml2js": {
			"version": "0.4.19",
			"resolved": "https://registry.npmjs.org/xml2js/-/xml2js-0.4.19.tgz",
			"integrity": "sha512-esZnJZJOiJR9wWKMyuvSE1y6Dq5LCuJanqhxslH2bxM6duahNZ+HMpCLhBQGZkbX6xRf8x1Y2eJlgt2q3qo49Q==",
			"requires": {
				"sax": ">=0.6.0",
				"xmlbuilder": "~9.0.1"
			}
		},
		"xmlbuilder": {
			"version": "9.0.7",
			"resolved": "https://registry.npmjs.org/xmlbuilder/-/xmlbuilder-9.0.7.tgz",
			"integrity": "sha1-Ey7mPS7FVlxVfiD0wi35rKaGsQ0="
		},
		"xtend": {
			"version": "4.0.1",
			"resolved": "https://registry.npmjs.org/xtend/-/xtend-4.0.1.tgz",
			"integrity": "sha1-pcbVMr5lbiPbgg77lDofBJmNY68="
		}
	}
}
