{
	"requires": true,
	"lockfileVersion": 1,
	"dependencies": {
		"asynckit": {
			"version": "0.4.0",
			"resolved": "https://registry.npmjs.org/asynckit/-/asynckit-0.4.0.tgz",
			"integrity": "sha1-x57Zf380y48robyXkLzDZkdLS3k="
		},
		"combined-stream": {
			"version": "1.0.5",
			"resolved": "https://registry.npmjs.org/combined-stream/-/combined-stream-1.0.5.tgz",
			"integrity": "sha1-k4NwpXtKUd6ix3wV1cX9+JUWQAk=",
			"requires": {
				"delayed-stream": "1.0.0"
			}
		},
		"component-emitter": {
			"version": "1.2.1",
			"resolved": "https://registry.npmjs.org/component-emitter/-/component-emitter-1.2.1.tgz",
			"integrity": "sha1-E3kY1teCg/ffemt8WmPhQOaUJeY="
		},
		"cookiejar": {
			"version": "2.1.1",
			"resolved": "https://registry.npmjs.org/cookiejar/-/cookiejar-2.1.1.tgz",
			"integrity": "sha1-Qa1XsbVVlR7BcUEqgZQrHoIA00o="
		},
		"core-util-is": {
			"version": "1.0.2",
			"resolved": "https://registry.npmjs.org/core-util-is/-/core-util-is-1.0.2.tgz",
			"integrity": "sha1-tf1UIgqivFq1eqtxQMlAdUUDwac="
		},
		"debug": {
			"version": "2.6.8",
			"resolved": "https://registry.npmjs.org/debug/-/debug-2.6.8.tgz",
			"integrity": "sha1-5zFTHKLt4n0YgiJCfaF4IdaP9Pw=",
			"requires": {
				"ms": "2.0.0"
			}
		},
		"delayed-stream": {
			"version": "1.0.0",
			"resolved": "https://registry.npmjs.org/delayed-stream/-/delayed-stream-1.0.0.tgz",
			"integrity": "sha1-3zrhmayt+31ECqrgsp4icrJOxhk="
		},
		"extend": {
			"version": "3.0.1",
			"resolved": "https://registry.npmjs.org/extend/-/extend-3.0.1.tgz",
			"integrity": "sha1-p1Xqe8Gt/MWjHOfnYtuq3F5jZEQ="
		},
		"form-data": {
			"version": "2.3.1",
			"resolved": "https://registry.npmjs.org/form-data/-/form-data-2.3.1.tgz",
			"integrity": "sha1-b7lPvXGIUwbXPRXMSX/kzE7NRL8=",
			"requires": {
				"asynckit": "0.4.0",
				"combined-stream": "1.0.5",
				"mime-types": "2.1.17"
			}
		},
		"formidable": {
			"version": "1.1.1",
			"resolved": "https://registry.npmjs.org/formidable/-/formidable-1.1.1.tgz",
			"integrity": "sha1-lriIb3w8NQi5Mta9cMTTqI818ak="
		},
		"inherits": {
			"version": "2.0.3",
			"resolved": "https://registry.npmjs.org/inherits/-/inherits-2.0.3.tgz",
			"integrity": "sha1-Yzwsg+PaQqUC9SRmAiSA9CCCYd4="
		},
		"isarray": {
			"version": "1.0.0",
			"resolved": "https://registry.npmjs.org/isarray/-/isarray-1.0.0.tgz",
			"integrity": "sha1-u5NdSFgsuhaMBoNJV6VKPgcSTxE="
		},
		"methods": {
			"version": "1.1.2",
			"resolved": "https://registry.npmjs.org/methods/-/methods-1.1.2.tgz",
			"integrity": "sha1-VSmk1nZUE07cxSZmVoNbD4Ua/O4="
		},
		"mime": {
			"version": "1.4.0",
			"resolved": "https://registry.npmjs.org/mime/-/mime-1.4.0.tgz",
			"integrity": "sha512-n9ChLv77+QQEapYz8lV+rIZAW3HhAPW2CXnzb1GN5uMkuczshwvkW7XPsbzU0ZQN3sP47Er2KVkp2p3KyqZKSQ=="
		},
		"mime-db": {
			"version": "1.30.0",
			"resolved": "https://registry.npmjs.org/mime-db/-/mime-db-1.30.0.tgz",
			"integrity": "sha1-dMZD2i3Z1qRTmZY0ZbJtXKfXHwE="
		},
		"mime-types": {
			"version": "2.1.17",
			"resolved": "https://registry.npmjs.org/mime-types/-/mime-types-2.1.17.tgz",
			"integrity": "sha1-Cdejk/A+mVp5+K+Fe3Cp4KsWVXo=",
			"requires": {
				"mime-db": "1.30.0"
			}
		},
		"ml-array-utils": {
			"version": "0.3.0",
			"resolved": "https://registry.npmjs.org/ml-array-utils/-/ml-array-utils-0.3.0.tgz",
			"integrity": "sha1-wMxa/cHLBR9ag7HOcWQcJDZy9kk=",
			"requires": {
				"ml-stat": "1.3.3"
			}
		},
		"ml-floyd-warshall": {
			"version": "1.0.0",
			"resolved": "https://registry.npmjs.org/ml-floyd-warshall/-/ml-floyd-warshall-1.0.0.tgz",
			"integrity": "sha1-Da5zVGh8/Y+D6FVRZ/wwpboicAk=",
			"requires": {
				"ml-matrix": "2.3.0"
			}
		},
		"ml-matrix": {
			"version": "2.3.0",
			"resolved": "https://registry.npmjs.org/ml-matrix/-/ml-matrix-2.3.0.tgz",
			"integrity": "sha1-30YBZwpnNQaO6abb8jwJTB0+zik=",
			"requires": {
				"ml-array-utils": "0.3.0"
			}
		},
		"ml-stat": {
			"version": "1.3.3",
			"resolved": "https://registry.npmjs.org/ml-stat/-/ml-stat-1.3.3.tgz",
			"integrity": "sha1-ilSTsPZzgvv3BcJg4HBDZlWn3Po="
		},
		"ms": {
			"version": "2.0.0",
			"resolved": "https://registry.npmjs.org/ms/-/ms-2.0.0.tgz",
			"integrity": "sha1-VgiurfwAvmwpAd9fmGF4jeDVl8g="
		},
		"new-array": {
			"version": "1.0.0",
			"resolved": "https://registry.npmjs.org/new-array/-/new-array-1.0.0.tgz",
			"integrity": "sha1-XbxjnZYerH8an7wacUbsEvKST78="
		},
		"num-sort": {
			"version": "1.0.0",
			"resolved": "https://registry.npmjs.org/num-sort/-/num-sort-1.0.0.tgz",
			"integrity": "sha1-yr7B/V9NpKypla+Qt6DzeZROHb0=",
			"requires": {
				"number-is-nan": "1.0.1"
			}
		},
		"number-is-nan": {
			"version": "1.0.1",
			"resolved": "https://registry.npmjs.org/number-is-nan/-/number-is-nan-1.0.1.tgz",
			"integrity": "sha1-CXtgK1NCKlIsGvuHkDGDNpQaAR0="
		},
		"openchemlib-extended": {
			"version": "3.0.0",
			"resolved": "https://registry.npmjs.org/openchemlib-extended/-/openchemlib-extended-3.0.0.tgz",
			"integrity": "sha512-G5PDHBj4QigxhqeFPzEC3XNro+wnrFv6hok0FF5JHfveCYvrULu1FRCB6lWJMsn9hLPqUSYWUuMkJ8As2grB/Q==",
			"requires": {
				"ml-floyd-warshall": "1.0.0",
				"ml-matrix": "2.3.0",
				"openchemlib": "5.5.0",
				"papaparse": "4.3.6",
				"rxn-parser": "0.0.2",
				"sdf-parser": "1.0.0",
				"setimmediate": "1.0.5"
			},
			"dependencies": {
				"openchemlib": {
					"version": "5.5.0",
					"resolved": "https://registry.npmjs.org/openchemlib/-/openchemlib-5.5.0.tgz",
					"integrity": "sha512-x/ow0pEaun8iXcWaCwnWH8MffZ6YW2DQXhmyGvZse4R3zBpvEn6WQ7PuP9wEmIx3M8EayjM31r88u8M0mC9m5w=="
				},
				"sdf-parser": {
					"version": "1.0.0",
					"resolved": "https://registry.npmjs.org/sdf-parser/-/sdf-parser-1.0.0.tgz",
					"integrity": "sha1-vYsBKPWZ6VJHBUsGQZg1eD9SKVw="
				}
			}
		},
		"papaparse": {
			"version": "4.3.6",
			"resolved": "https://registry.npmjs.org/papaparse/-/papaparse-4.3.6.tgz",
			"integrity": "sha1-lWbtoOyrE6/LdApiOBxpn0hssUU="
		},
		"process-nextick-args": {
			"version": "1.0.7",
			"resolved": "https://registry.npmjs.org/process-nextick-args/-/process-nextick-args-1.0.7.tgz",
			"integrity": "sha1-FQ4gt1ZZCtP5EJPyWk8q2L/zC6M="
		},
		"qs": {
			"version": "6.5.1",
			"resolved": "https://registry.npmjs.org/qs/-/qs-6.5.1.tgz",
			"integrity": "sha512-eRzhrN1WSINYCDCbrz796z37LOe3m5tmW7RQf6oBntukAG1nmovJvhnwHHRMAfeoItc1m2Hk02WER2aQ/iqs+A=="
		},
		"readable-stream": {
			"version": "2.3.3",
			"resolved": "https://registry.npmjs.org/readable-stream/-/readable-stream-2.3.3.tgz",
			"integrity": "sha512-m+qzzcn7KUxEmd1gMbchF+Y2eIUbieUaxkWtptyHywrX0rE8QEYqPC07Vuy4Wm32/xE16NcdBctb8S0Xe/5IeQ==",
			"requires": {
				"core-util-is": "1.0.2",
				"inherits": "2.0.3",
				"isarray": "1.0.0",
				"process-nextick-args": "1.0.7",
				"safe-buffer": "5.1.1",
				"string_decoder": "1.0.3",
				"util-deprecate": "1.0.2"
			}
		},
		"rxn-parser": {
			"version": "0.0.2",
			"resolved": "https://registry.npmjs.org/rxn-parser/-/rxn-parser-0.0.2.tgz",
			"integrity": "sha1-JkJGcaElogzTzT8Ux22Uaal3QP0="
		},
		"safe-buffer": {
			"version": "5.1.1",
			"resolved": "https://registry.npmjs.org/safe-buffer/-/safe-buffer-5.1.1.tgz",
			"integrity": "sha512-kKvNJn6Mm93gAczWVJg7wH+wGYWNrDHdWvpUmHyEsgCtIwwo3bqPtV4tR5tuPaUhTOo/kvhVwd8XwwOllGYkbg=="
		},
		"sdf-parser": {
			"version": "2.3.1",
			"resolved": "https://registry.npmjs.org/sdf-parser/-/sdf-parser-2.3.1.tgz",
			"integrity": "sha512-h3XhcKwmA2YhqkL2gqjo6wQdYoqDgGEoXRFGHPlSx7Scayw3YVV4n5isHuSZbq8j77Km9r++fHATrB7JzlBniQ=="
		},
		"setimmediate": {
			"version": "1.0.5",
			"resolved": "https://registry.npmjs.org/setimmediate/-/setimmediate-1.0.5.tgz",
			"integrity": "sha1-KQy7Iy4waULX1+qbg3Mqt4VvgoU="
		},
		"string_decoder": {
			"version": "1.0.3",
			"resolved": "https://registry.npmjs.org/string_decoder/-/string_decoder-1.0.3.tgz",
			"integrity": "sha512-4AH6Z5fzNNBcH+6XDMfA/BTt87skxqJlO0lAh3Dker5zThcAxG6mKz+iGu308UKoPPQ8Dcqx/4JhujzltRa+hQ==",
			"requires": {
				"safe-buffer": "5.1.1"
			}
		},
		"superagent": {
			"version": "3.6.0",
			"resolved": "https://registry.npmjs.org/superagent/-/superagent-3.6.0.tgz",
			"integrity": "sha512-oWsu4mboo8sVxagp4bNwZIR1rUmypeAJDmNIwT9mF4k06hSu6P92aOjEWLaIj7vsX3fOUp+cRH/04tao+q5Q7A==",
			"requires": {
				"component-emitter": "1.2.1",
				"cookiejar": "2.1.1",
				"debug": "2.6.8",
				"extend": "3.0.1",
				"form-data": "2.3.1",
				"formidable": "1.1.1",
				"methods": "1.1.2",
				"mime": "1.4.0",
				"qs": "6.5.1",
				"readable-stream": "2.3.3"
			}
		},
		"util-deprecate": {
			"version": "1.0.2",
			"resolved": "https://registry.npmjs.org/util-deprecate/-/util-deprecate-1.0.2.tgz",
			"integrity": "sha1-RQ1Nyfpw3nMnYvvS1KKJgUGaDM8="
		}
	}
}
